// !$*UTF8*$!
{
	archiveVersion = 1;
	classes = {
	};
	objectVersion = 46;
	objects = {

/* Begin PBXBuildFile section */
		A09BDC2419F77642006353AA /* Foundation.framework in Frameworks */ = {isa = PBXBuildFile; fileRef = A09BDC2319F77642006353AA /* Foundation.framework */; };
		A09BDC2619F77642006353AA /* CoreGraphics.framework in Frameworks */ = {isa = PBXBuildFile; fileRef = A09BDC2519F77642006353AA /* CoreGraphics.framework */; };
		A09BDC2819F77642006353AA /* UIKit.framework in Frameworks */ = {isa = PBXBuildFile; fileRef = A09BDC2719F77642006353AA /* UIKit.framework */; };
		A09BDC2E19F77642006353AA /* InfoPlist.strings in Resources */ = {isa = PBXBuildFile; fileRef = A09BDC2C19F77642006353AA /* InfoPlist.strings */; };
		A09BDC3019F77642006353AA /* main.m in Sources */ = {isa = PBXBuildFile; fileRef = A09BDC2F19F77642006353AA /* main.m */; };
		A09BDC3419F77642006353AA /* WJAppDelegate.m in Sources */ = {isa = PBXBuildFile; fileRef = A09BDC3319F77642006353AA /* WJAppDelegate.m */; };
		A09BDC3719F77642006353AA /* Main.storyboard in Resources */ = {isa = PBXBuildFile; fileRef = A09BDC3519F77642006353AA /* Main.storyboard */; };
		A09BDC3A19F77642006353AA /* WJViewController.m in Sources */ = {isa = PBXBuildFile; fileRef = A09BDC3919F77642006353AA /* WJViewController.m */; };
		A09BDC3C19F77642006353AA /* Images.xcassets in Resources */ = {isa = PBXBuildFile; fileRef = A09BDC3B19F77642006353AA /* Images.xcassets */; };
		A09BDC4319F77642006353AA /* XCTest.framework in Frameworks */ = {isa = PBXBuildFile; fileRef = A09BDC4219F77642006353AA /* XCTest.framework */; };
		A09BDC4419F77642006353AA /* Foundation.framework in Frameworks */ = {isa = PBXBuildFile; fileRef = A09BDC2319F77642006353AA /* Foundation.framework */; };
		A09BDC4519F77642006353AA /* UIKit.framework in Frameworks */ = {isa = PBXBuildFile; fileRef = A09BDC2719F77642006353AA /* UIKit.framework */; };
		A09BDC4D19F77642006353AA /* InfoPlist.strings in Resources */ = {isa = PBXBuildFile; fileRef = A09BDC4B19F77642006353AA /* InfoPlist.strings */; };
		A09BDC4F19F77642006353AA /* _2_____Tests.m in Sources */ = {isa = PBXBuildFile; fileRef = A09BDC4E19F77642006353AA /* _2_____Tests.m */; };
/* End PBXBuildFile section */

/* Begin PBXContainerItemProxy section */
		A09BDC4619F77642006353AA /* PBXContainerItemProxy */ = {
			isa = PBXContainerItemProxy;
			containerPortal = A09BDC1819F77642006353AA /* Project object */;
			proxyType = 1;
			remoteGlobalIDString = A09BDC1F19F77642006353AA;
			remoteInfo = "02-喜马拉雅";
		};
/* End PBXContainerItemProxy section */

/* Begin PBXFileReference section */
		A09BDC2019F77642006353AA /* 02-喜马拉雅.app */ = {isa = PBXFileReference; explicitFileType = wrapper.application; includeInIndex = 0; path = "02-喜马拉雅.app"; sourceTree = BUILT_PRODUCTS_DIR; };
		A09BDC2319F77642006353AA /* Foundation.framework */ = {isa = PBXFileReference; lastKnownFileType = wrapper.framework; name = Foundation.framework; path = System/Library/Frameworks/Foundation.framework; sourceTree = SDKROOT; };
		A09BDC2519F77642006353AA /* CoreGraphics.framework */ = {isa = PBXFileReference; lastKnownFileType = wrapper.framework; name = CoreGraphics.framework; path = System/Library/Frameworks/CoreGraphics.framework; sourceTree = SDKROOT; };
		A09BDC2719F77642006353AA /* UIKit.framework */ = {isa = PBXFileReference; lastKnownFileType = wrapper.framework; name = UIKit.framework; path = System/Library/Frameworks/UIKit.framework; sourceTree = SDKROOT; };
		A09BDC2B19F77642006353AA /* 02-喜马拉雅-Info.plist */ = {isa = PBXFileReference; lastKnownFileType = text.plist.xml; path = "02-喜马拉雅-Info.plist"; sourceTree = "<group>"; };
		A09BDC2D19F77642006353AA /* en */ = {isa = PBXFileReference; lastKnownFileType = text.plist.strings; name = en; path = en.lproj/InfoPlist.strings; sourceTree = "<group>"; };
		A09BDC2F19F77642006353AA /* main.m */ = {isa = PBXFileReference; lastKnownFileType = sourcecode.c.objc; path = main.m; sourceTree = "<group>"; };
		A09BDC3119F77642006353AA /* 02-喜马拉雅-Prefix.pch */ = {isa = PBXFileReference; lastKnownFileType = sourcecode.c.h; path = "02-喜马拉雅-Prefix.pch"; sourceTree = "<group>"; };
		A09BDC3219F77642006353AA /* WJAppDelegate.h */ = {isa = PBXFileReference; lastKnownFileType = sourcecode.c.h; path = WJAppDelegate.h; sourceTree = "<group>"; };
		A09BDC3319F77642006353AA /* WJAppDelegate.m */ = {isa = PBXFileReference; lastKnownFileType = sourcecode.c.objc; path = WJAppDelegate.m; sourceTree = "<group>"; };
		A09BDC3619F77642006353AA /* Base */ = {isa = PBXFileReference; lastKnownFileType = file.storyboard; name = Base; path = Base.lproj/Main.storyboard; sourceTree = "<group>"; };
		A09BDC3819F77642006353AA /* WJViewController.h */ = {isa = PBXFileReference; lastKnownFileType = sourcecode.c.h; path = WJViewController.h; sourceTree = "<group>"; };
		A09BDC3919F77642006353AA /* WJViewController.m */ = {isa = PBXFileReference; lastKnownFileType = sourcecode.c.objc; path = WJViewController.m; sourceTree = "<group>"; };
		A09BDC3B19F77642006353AA /* Images.xcassets */ = {isa = PBXFileReference; lastKnownFileType = folder.assetcatalog; path = Images.xcassets; sourceTree = "<group>"; };
		A09BDC4119F77642006353AA /* 02-喜马拉雅Tests.xctest */ = {isa = PBXFileReference; explicitFileType = wrapper.cfbundle; includeInIndex = 0; path = "02-喜马拉雅Tests.xctest"; sourceTree = BUILT_PRODUCTS_DIR; };
		A09BDC4219F77642006353AA /* XCTest.framework */ = {isa = PBXFileReference; lastKnownFileType = wrapper.framework; name = XCTest.framework; path = Library/Frameworks/XCTest.framework; sourceTree = DEVELOPER_DIR; };
		A09BDC4A19F77642006353AA /* 02-喜马拉雅Tests-Info.plist */ = {isa = PBXFileReference; lastKnownFileType = text.plist.xml; path = "02-喜马拉雅Tests-Info.plist"; sourceTree = "<group>"; };
		A09BDC4C19F77642006353AA /* en */ = {isa = PBXFileReference; lastKnownFileType = text.plist.strings; name = en; path = en.lproj/InfoPlist.strings; sourceTree = "<group>"; };
		A09BDC4E19F77642006353AA /* _2_____Tests.m */ = {isa = PBXFileReference; lastKnownFileType = sourcecode.c.objc; path = "_2_____Tests.m"; sourceTree = "<group>"; };
/* End PBXFileReference section */

/* Begin PBXFrameworksBuildPhase section */
		A09BDC1D19F77642006353AA /* Frameworks */ = {
			isa = PBXFrameworksBuildPhase;
			buildActionMask = 2147483647;
			files = (
				A09BDC2619F77642006353AA /* CoreGraphics.framework in Frameworks */,
				A09BDC2819F77642006353AA /* UIKit.framework in Frameworks */,
				A09BDC2419F77642006353AA /* Foundation.framework in Frameworks */,
			);
			runOnlyForDeploymentPostprocessing = 0;
		};
		A09BDC3E19F77642006353AA /* Frameworks */ = {
			isa = PBXFrameworksBuildPhase;
			buildActionMask = 2147483647;
			files = (
				A09BDC4319F77642006353AA /* XCTest.framework in Frameworks */,
				A09BDC4519F77642006353AA /* UIKit.framework in Frameworks */,
				A09BDC4419F77642006353AA /* Foundation.framework in Frameworks */,
			);
			runOnlyForDeploymentPostprocessing = 0;
		};
/* End PBXFrameworksBuildPhase section */

/* Begin PBXGroup section */
		A09BDC1719F77642006353AA = {
			isa = PBXGroup;
			children = (
				A09BDC2919F77642006353AA /* 02-喜马拉雅 */,
				A09BDC4819F77642006353AA /* 02-喜马拉雅Tests */,
				A09BDC2219F77642006353AA /* Frameworks */,
				A09BDC2119F77642006353AA /* Products */,
			);
			sourceTree = "<group>";
		};
		A09BDC2119F77642006353AA /* Products */ = {
			isa = PBXGroup;
			children = (
				A09BDC2019F77642006353AA /* 02-喜马拉雅.app */,
				A09BDC4119F77642006353AA /* 02-喜马拉雅Tests.xctest */,
			);
			name = Products;
			sourceTree = "<group>";
		};
		A09BDC2219F77642006353AA /* Frameworks */ = {
			isa = PBXGroup;
			children = (
				A09BDC2319F77642006353AA /* Foundation.framework */,
				A09BDC2519F77642006353AA /* CoreGraphics.framework */,
				A09BDC2719F77642006353AA /* UIKit.framework */,
				A09BDC4219F77642006353AA /* XCTest.framework */,
			);
			name = Frameworks;
			sourceTree = "<group>";
		};
		A09BDC2919F77642006353AA /* 02-喜马拉雅 */ = {
			isa = PBXGroup;
			children = (
				A09BDC3219F77642006353AA /* WJAppDelegate.h */,
				A09BDC3319F77642006353AA /* WJAppDelegate.m */,
				A09BDC3519F77642006353AA /* Main.storyboard */,
				A09BDC3819F77642006353AA /* WJViewController.h */,
				A09BDC3919F77642006353AA /* WJViewController.m */,
				A09BDC3B19F77642006353AA /* Images.xcassets */,
				A09BDC2A19F77642006353AA /* Supporting Files */,
			);
			path = "02-喜马拉雅";
			sourceTree = "<group>";
		};
		A09BDC2A19F77642006353AA /* Supporting Files */ = {
			isa = PBXGroup;
			children = (
				A09BDC2B19F77642006353AA /* 02-喜马拉雅-Info.plist */,
				A09BDC2C19F77642006353AA /* InfoPlist.strings */,
				A09BDC2F19F77642006353AA /* main.m */,
				A09BDC3119F77642006353AA /* 02-喜马拉雅-Prefix.pch */,
			);
			name = "Supporting Files";
			sourceTree = "<group>";
		};
		A09BDC4819F77642006353AA /* 02-喜马拉雅Tests */ = {
			isa = PBXGroup;
			children = (
				A09BDC4E19F77642006353AA /* _2_____Tests.m */,
				A09BDC4919F77642006353AA /* Supporting Files */,
			);
			path = "02-喜马拉雅Tests";
			sourceTree = "<group>";
		};
		A09BDC4919F77642006353AA /* Supporting Files */ = {
			isa = PBXGroup;
			children = (
				A09BDC4A19F77642006353AA /* 02-喜马拉雅Tests-Info.plist */,
				A09BDC4B19F77642006353AA /* InfoPlist.strings */,
			);
			name = "Supporting Files";
			sourceTree = "<group>";
		};
/* End PBXGroup section */

/* Begin PBXNativeTarget section */
		A09BDC1F19F77642006353AA /* 02-喜马拉雅 */ = {
			isa = PBXNativeTarget;
			buildConfigurationList = A09BDC5219F77642006353AA /* Build configuration list for PBXNativeTarget "02-喜马拉雅" */;
			buildPhases = (
				A09BDC1C19F77642006353AA /* Sources */,
				A09BDC1D19F77642006353AA /* Frameworks */,
				A09BDC1E19F77642006353AA /* Resources */,
			);
			buildRules = (
			);
			dependencies = (
			);
			name = "02-喜马拉雅";
			productName = "02-喜马拉雅";
			productReference = A09BDC2019F77642006353AA /* 02-喜马拉雅.app */;
			productType = "com.apple.product-type.application";
		};
		A09BDC4019F77642006353AA /* 02-喜马拉雅Tests */ = {
			isa = PBXNativeTarget;
			buildConfigurationList = A09BDC5519F77642006353AA /* Build configuration list for PBXNativeTarget "02-喜马拉雅Tests" */;
			buildPhases = (
				A09BDC3D19F77642006353AA /* Sources */,
				A09BDC3E19F77642006353AA /* Frameworks */,
				A09BDC3F19F77642006353AA /* Resources */,
			);
			buildRules = (
			);
			dependencies = (
				A09BDC4719F77642006353AA /* PBXTargetDependency */,
			);
			name = "02-喜马拉雅Tests";
			productName = "02-喜马拉雅Tests";
			productReference = A09BDC4119F77642006353AA /* 02-喜马拉雅Tests.xctest */;
			productType = "com.apple.product-type.bundle.unit-test";
		};
/* End PBXNativeTarget section */

/* Begin PBXProject section */
		A09BDC1819F77642006353AA /* Project object */ = {
			isa = PBXProject;
			attributes = {
				CLASSPREFIX = WJ;
				LastUpgradeCheck = 0510;
				ORGANIZATIONNAME = sias;
				TargetAttributes = {
					A09BDC4019F77642006353AA = {
						TestTargetID = A09BDC1F19F77642006353AA;
					};
				};
			};
			buildConfigurationList = A09BDC1B19F77642006353AA /* Build configuration list for PBXProject "02-喜马拉雅" */;
			compatibilityVersion = "Xcode 3.2";
			developmentRegion = English;
			hasScannedForEncodings = 0;
			knownRegions = (
				en,
				Base,
			);
			mainGroup = A09BDC1719F77642006353AA;
			productRefGroup = A09BDC2119F77642006353AA /* Products */;
			projectDirPath = "";
			projectRoot = "";
			targets = (
				A09BDC1F19F77642006353AA /* 02-喜马拉雅 */,
				A09BDC4019F77642006353AA /* 02-喜马拉雅Tests */,
			);
		};
/* End PBXProject section */

/* Begin PBXResourcesBuildPhase section */
		A09BDC1E19F77642006353AA /* Resources */ = {
			isa = PBXResourcesBuildPhase;
			buildActionMask = 2147483647;
			files = (
				A09BDC3C19F77642006353AA /* Images.xcassets in Resources */,
				A09BDC2E19F77642006353AA /* InfoPlist.strings in Resources */,
				A09BDC3719F77642006353AA /* Main.storyboard in Resources */,
			);
			runOnlyForDeploymentPostprocessing = 0;
		};
		A09BDC3F19F77642006353AA /* Resources */ = {
			isa = PBXResourcesBuildPhase;
			buildActionMask = 2147483647;
			files = (
				A09BDC4D19F77642006353AA /* InfoPlist.strings in Resources */,
			);
			runOnlyForDeploymentPostprocessing = 0;
		};
/* End PBXResourcesBuildPhase section */

/* Begin PBXSourcesBuildPhase section */
		A09BDC1C19F77642006353AA /* Sources */ = {
			isa = PBXSourcesBuildPhase;
			buildActionMask = 2147483647;
			files = (
				A09BDC3A19F77642006353AA /* WJViewController.m in Sources */,
				A09BDC3019F77642006353AA /* main.m in Sources */,
				A09BDC3419F77642006353AA /* WJAppDelegate.m in Sources */,
			);
			runOnlyForDeploymentPostprocessing = 0;
		};
		A09BDC3D19F77642006353AA /* Sources */ = {
			isa = PBXSourcesBuildPhase;
			buildActionMask = 2147483647;
			files = (
				A09BDC4F19F77642006353AA /* _2_____Tests.m in Sources */,
			);
			runOnlyForDeploymentPostprocessing = 0;
		};
/* End PBXSourcesBuildPhase section */

/* Begin PBXTargetDependency section */
		A09BDC4719F77642006353AA /* PBXTargetDependency */ = {
			isa = PBXTargetDependency;
			target = A09BDC1F19F77642006353AA /* 02-喜马拉雅 */;
			targetProxy = A09BDC4619F77642006353AA /* PBXContainerItemProxy */;
		};
/* End PBXTargetDependency section */

/* Begin PBXVariantGroup section */
		A09BDC2C19F77642006353AA /* InfoPlist.strings */ = {
			isa = PBXVariantGroup;
			children = (
				A09BDC2D19F77642006353AA /* en */,
			);
			name = InfoPlist.strings;
			sourceTree = "<group>";
		};
		A09BDC3519F77642006353AA /* Main.storyboard */ = {
			isa = PBXVariantGroup;
			children = (
				A09BDC3619F77642006353AA /* Base */,
			);
			name = Main.storyboard;
			sourceTree = "<group>";
		};
		A09BDC4B19F77642006353AA /* InfoPlist.strings */ = {
			isa = PBXVariantGroup;
			children = (
				A09BDC4C19F77642006353AA /* en */,
			);
			name = InfoPlist.strings;
			sourceTree = "<group>";
		};
/* End PBXVariantGroup section */

/* Begin XCBuildConfiguration section */
		A09BDC5019F77642006353AA /* Debug */ = {
			isa = XCBuildConfiguration;
			buildSettings = {
				ALWAYS_SEARCH_USER_PATHS = NO;
				CLANG_CXX_LANGUAGE_STANDARD = "gnu++0x";
				CLANG_CXX_LIBRARY = "libc++";
				CLANG_ENABLE_MODULES = YES;
				CLANG_ENABLE_OBJC_ARC = YES;
				CLANG_WARN_BOOL_CONVERSION = YES;
				CLANG_WARN_CONSTANT_CONVERSION = YES;
				CLANG_WARN_DIRECT_OBJC_ISA_USAGE = YES_ERROR;
				CLANG_WARN_EMPTY_BODY = YES;
				CLANG_WARN_ENUM_CONVERSION = YES;
				CLANG_WARN_INT_CONVERSION = YES;
				CLANG_WARN_OBJC_ROOT_CLASS = YES_ERROR;
				CLANG_WARN__DUPLICATE_METHOD_MATCH = YES;
				"CODE_SIGN_IDENTITY[sdk=iphoneos*]" = "iPhone Developer";
				COPY_PHASE_STRIP = NO;
				GCC_C_LANGUAGE_STANDARD = gnu99;
				GCC_DYNAMIC_NO_PIC = NO;
				GCC_OPTIMIZATION_LEVEL = 0;
				GCC_PREPROCESSOR_DEFINITIONS = (
					"DEBUG=1",
					"$(inherited)",
				);
				GCC_SYMBOLS_PRIVATE_EXTERN = NO;
				GCC_WARN_64_TO_32_BIT_CONVERSION = YES;
				GCC_WARN_ABOUT_RETURN_TYPE = YES_ERROR;
				GCC_WARN_UNDECLARED_SELECTOR = YES;
				GCC_WARN_UNINITIALIZED_AUTOS = YES_AGGRESSIVE;
				GCC_WARN_UNUSED_FUNCTION = YES;
				GCC_WARN_UNUSED_VARIABLE = YES;
				IPHONEOS_DEPLOYMENT_TARGET = 7.1;
				ONLY_ACTIVE_ARCH = YES;
				SDKROOT = iphoneos;
			};
			name = Debug;
		};
		A09BDC5119F77642006353AA /* Release */ = {
			isa = XCBuildConfiguration;
			buildSettings = {
				ALWAYS_SEARCH_USER_PATHS = NO;
				CLANG_CXX_LANGUAGE_STANDARD = "gnu++0x";
				CLANG_CXX_LIBRARY = "libc++";
				CLANG_ENABLE_MODULES = YES;
				CLANG_ENABLE_OBJC_ARC = YES;
				CLANG_WARN_BOOL_CONVERSION = YES;
				CLANG_WARN_CONSTANT_CONVERSION = YES;
				CLANG_WARN_DIRECT_OBJC_ISA_USAGE = YES_ERROR;
				CLANG_WARN_EMPTY_BODY = YES;
				CLANG_WARN_ENUM_CONVERSION = YES;
				CLANG_WARN_INT_CONVERSION = YES;
				CLANG_WARN_OBJC_ROOT_CLASS = YES_ERROR;
				CLANG_WARN__DUPLICATE_METHOD_MATCH = YES;
				"CODE_SIGN_IDENTITY[sdk=iphoneos*]" = "iPhone Developer";
				COPY_PHASE_STRIP = YES;
				ENABLE_NS_ASSERTIONS = NO;
				GCC_C_LANGUAGE_STANDARD = gnu99;
				GCC_WARN_64_TO_32_BIT_CONVERSION = YES;
				GCC_WARN_ABOUT_RETURN_TYPE = YES_ERROR;
				GCC_WARN_UNDECLARED_SELECTOR = YES;
				GCC_WARN_UNINITIALIZED_AUTOS = YES_AGGRESSIVE;
				GCC_WARN_UNUSED_FUNCTION = YES;
				GCC_WARN_UNUSED_VARIABLE = YES;
				IPHONEOS_DEPLOYMENT_TARGET = 7.1;
				SDKROOT = iphoneos;
				VALIDATE_PRODUCT = YES;
			};
			name = Release;
		};
		A09BDC5319F77642006353AA /* Debug */ = {
			isa = XCBuildConfiguration;
			buildSettings = {
				ASSETCATALOG_COMPILER_APPICON_NAME = AppIcon;
				ASSETCATALOG_COMPILER_LAUNCHIMAGE_NAME = LaunchImage;
				GCC_PRECOMPILE_PREFIX_HEADER = YES;
				GCC_PREFIX_HEADER = "02-喜马拉雅/02-喜马拉雅-Prefix.pch";
				INFOPLIST_FILE = "02-喜马拉雅/02-喜马拉雅-Info.plist";
				PRODUCT_NAME = "$(TARGET_NAME)";
				WRAPPER_EXTENSION = app;
			};
			name = Debug;
		};
		A09BDC5419F77642006353AA /* Release */ = {
			isa = XCBuildConfiguration;
			buildSettings = {
				ASSETCATALOG_COMPILER_APPICON_NAME = AppIcon;
				ASSETCATALOG_COMPILER_LAUNCHIMAGE_NAME = LaunchImage;
				GCC_PRECOMPILE_PREFIX_HEADER = YES;
				GCC_PREFIX_HEADER = "02-喜马拉雅/02-喜马拉雅-Prefix.pch";
				INFOPLIST_FILE = "02-喜马拉雅/02-喜马拉雅-Info.plist";
				PRODUCT_NAME = "$(TARGET_NAME)";
				WRAPPER_EXTENSION = app;
			};
			name = Release;
		};
		A09BDC5619F77642006353AA /* Debug */ = {
			isa = XCBuildConfiguration;
			buildSettings = {
				BUNDLE_LOADER = "$(BUILT_PRODUCTS_DIR)/02-喜马拉雅.app/02-喜马拉雅";
				FRAMEWORK_SEARCH_PATHS = (
					"$(SDKROOT)/Developer/Library/Frameworks",
					"$(inherited)",
					"$(DEVELOPER_FRAMEWORKS_DIR)",
				);
				GCC_PRECOMPILE_PREFIX_HEADER = YES;
				GCC_PREFIX_HEADER = "02-喜马拉雅/02-喜马拉雅-Prefix.pch";
				GCC_PREPROCESSOR_DEFINITIONS = (
					"DEBUG=1",
					"$(inherited)",
				);
				INFOPLIST_FILE = "02-喜马拉雅Tests/02-喜马拉雅Tests-Info.plist";
				PRODUCT_NAME = "$(TARGET_NAME)";
				TEST_HOST = "$(BUNDLE_LOADER)";
				WRAPPER_EXTENSION = xctest;
			};
			name = Debug;
		};
		A09BDC5719F77642006353AA /* Release */ = {
			isa = XCBuildConfiguration;
			buildSettings = {
				BUNDLE_LOADER = "$(BUILT_PRODUCTS_DIR)/02-喜马拉雅.app/02-喜马拉雅";
				FRAMEWORK_SEARCH_PATHS = (
					"$(SDKROOT)/Developer/Library/Frameworks",
					"$(inherited)",
					"$(DEVELOPER_FRAMEWORKS_DIR)",
				);
				GCC_PRECOMPILE_PREFIX_HEADER = YES;
				GCC_PREFIX_HEADER = "02-喜马拉雅/02-喜马拉雅-Prefix.pch";
				INFOPLIST_FILE = "02-喜马拉雅Tests/02-喜马拉雅Tests-Info.plist";
				PRODUCT_NAME = "$(TARGET_NAME)";
				TEST_HOST = "$(BUNDLE_LOADER)";
				WRAPPER_EXTENSION = xctest;
			};
			name = Release;
		};
/* End XCBuildConfiguration section */

/* Begin XCConfigurationList section */
		A09BDC1B19F77642006353AA /* Build configuration list for PBXProject "02-喜马拉雅" */ = {
			isa = XCConfigurationList;
			buildConfigurations = (
				A09BDC5019F77642006353AA /* Debug */,
				A09BDC5119F77642006353AA /* Release */,
			);
			defaultConfigurationIsVisible = 0;
			defaultConfigurationName = Release;
		};
		A09BDC5219F77642006353AA /* Build configuration list for PBXNativeTarget "02-喜马拉雅" */ = {
			isa = XCConfigurationList;
			buildConfigurations = (
				A09BDC5319F77642006353AA /* Debug */,
				A09BDC5419F77642006353AA /* Release */,
			);
			defaultConfigurationIsVisible = 0;
		};
		A09BDC5519F77642006353AA /* Build configuration list for PBXNativeTarget "02-喜马拉雅Tests" */ = {
			isa = XCConfigurationList;
			buildConfigurations = (
				A09BDC5619F77642006353AA /* Debug */,
				A09BDC5719F77642006353AA /* Release */,
			);
			defaultConfigurationIsVisible = 0;
		};
/* End XCConfigurationList section */
	};
	rootObject = A09BDC1819F77642006353AA /* Project object */;
}
