// !$*UTF8*$!
{
	archiveVersion = 1;
	classes = {
	};
	objectVersion = 46;
	objects = {

/* Begin PBXBuildFile section */
		A02CFAEA1A2EB5C200ED2451 /* WJHeaderView.m in Sources */ = {isa = PBXBuildFile; fileRef = A02CFAE91A2EB5C200ED2451 /* WJHeaderView.m */; };
		A076C7021A2C547400929A12 /* Foundation.framework in Frameworks */ = {isa = PBXBuildFile; fileRef = A076C7011A2C547400929A12 /* Foundation.framework */; };
		A076C7041A2C547400929A12 /* CoreGraphics.framework in Frameworks */ = {isa = PBXBuildFile; fileRef = A076C7031A2C547400929A12 /* CoreGraphics.framework */; };
		A076C7061A2C547400929A12 /* UIKit.framework in Frameworks */ = {isa = PBXBuildFile; fileRef = A076C7051A2C547400929A12 /* UIKit.framework */; };
		A076C70C1A2C547400929A12 /* InfoPlist.strings in Resources */ = {isa = PBXBuildFile; fileRef = A076C70A1A2C547400929A12 /* InfoPlist.strings */; };
		A076C70E1A2C547400929A12 /* main.m in Sources */ = {isa = PBXBuildFile; fileRef = A076C70D1A2C547400929A12 /* main.m */; };
		A076C7121A2C547500929A12 /* WJAppDelegate.m in Sources */ = {isa = PBXBuildFile; fileRef = A076C7111A2C547500929A12 /* WJAppDelegate.m */; };
		A076C7151A2C547500929A12 /* Main.storyboard in Resources */ = {isa = PBXBuildFile; fileRef = A076C7131A2C547500929A12 /* Main.storyboard */; };
		A076C7181A2C547500929A12 /* WJViewController.m in Sources */ = {isa = PBXBuildFile; fileRef = A076C7171A2C547500929A12 /* WJViewController.m */; };
		A076C71A1A2C547500929A12 /* Images.xcassets in Resources */ = {isa = PBXBuildFile; fileRef = A076C7191A2C547500929A12 /* Images.xcassets */; };
		A076C7211A2C547500929A12 /* XCTest.framework in Frameworks */ = {isa = PBXBuildFile; fileRef = A076C7201A2C547500929A12 /* XCTest.framework */; };
		A076C7221A2C547500929A12 /* Foundation.framework in Frameworks */ = {isa = PBXBuildFile; fileRef = A076C7011A2C547400929A12 /* Foundation.framework */; };
		A076C7231A2C547500929A12 /* UIKit.framework in Frameworks */ = {isa = PBXBuildFile; fileRef = A076C7051A2C547400929A12 /* UIKit.framework */; };
		A076C72B1A2C547500929A12 /* InfoPlist.strings in Resources */ = {isa = PBXBuildFile; fileRef = A076C7291A2C547500929A12 /* InfoPlist.strings */; };
		A076C72D1A2C547500929A12 /* __QQ____Tests.m in Sources */ = {isa = PBXBuildFile; fileRef = A076C72C1A2C547500929A12 /* __QQ____Tests.m */; };
		A076C7371A2C549500929A12 /* friends.plist in Resources */ = {isa = PBXBuildFile; fileRef = A076C7361A2C549500929A12 /* friends.plist */; };
		A076C73F1A2C55F400929A12 /* WJFriend.m in Sources */ = {isa = PBXBuildFile; fileRef = A076C73E1A2C55F400929A12 /* WJFriend.m */; };
		A076C7421A2C56F600929A12 /* WJFriendGroup.m in Sources */ = {isa = PBXBuildFile; fileRef = A076C7411A2C56F600929A12 /* WJFriendGroup.m */; };
		A0E298AB1A2ED3470030BD00 /* WJFriendCell.m in Sources */ = {isa = PBXBuildFile; fileRef = A0E298AA1A2ED3470030BD00 /* WJFriendCell.m */; };
/* End PBXBuildFile section */

/* Begin PBXContainerItemProxy section */
		A076C7241A2C547500929A12 /* PBXContainerItemProxy */ = {
			isa = PBXContainerItemProxy;
			containerPortal = A076C6F61A2C547400929A12 /* Project object */;
			proxyType = 1;
			remoteGlobalIDString = A076C6FD1A2C547400929A12;
			remoteInfo = "2-QQ好友列表";
		};
/* End PBXContainerItemProxy section */

/* Begin PBXFileReference section */
		A02CFAE81A2EB5C200ED2451 /* WJHeaderView.h */ = {isa = PBXFileReference; fileEncoding = 4; lastKnownFileType = sourcecode.c.h; path = WJHeaderView.h; sourceTree = "<group>"; };
		A02CFAE91A2EB5C200ED2451 /* WJHeaderView.m */ = {isa = PBXFileReference; fileEncoding = 4; lastKnownFileType = sourcecode.c.objc; path = WJHeaderView.m; sourceTree = "<group>"; };
		A076C6FE1A2C547400929A12 /* 2-QQ好友列表.app */ = {isa = PBXFileReference; explicitFileType = wrapper.application; includeInIndex = 0; path = "2-QQ好友列表.app"; sourceTree = BUILT_PRODUCTS_DIR; };
		A076C7011A2C547400929A12 /* Foundation.framework */ = {isa = PBXFileReference; lastKnownFileType = wrapper.framework; name = Foundation.framework; path = System/Library/Frameworks/Foundation.framework; sourceTree = SDKROOT; };
		A076C7031A2C547400929A12 /* CoreGraphics.framework */ = {isa = PBXFileReference; lastKnownFileType = wrapper.framework; name = CoreGraphics.framework; path = System/Library/Frameworks/CoreGraphics.framework; sourceTree = SDKROOT; };
		A076C7051A2C547400929A12 /* UIKit.framework */ = {isa = PBXFileReference; lastKnownFileType = wrapper.framework; name = UIKit.framework; path = System/Library/Frameworks/UIKit.framework; sourceTree = SDKROOT; };
		A076C7091A2C547400929A12 /* 2-QQ好友列表-Info.plist */ = {isa = PBXFileReference; lastKnownFileType = text.plist.xml; path = "2-QQ好友列表-Info.plist"; sourceTree = "<group>"; };
		A076C70B1A2C547400929A12 /* en */ = {isa = PBXFileReference; lastKnownFileType = text.plist.strings; name = en; path = en.lproj/InfoPlist.strings; sourceTree = "<group>"; };
		A076C70D1A2C547400929A12 /* main.m */ = {isa = PBXFileReference; lastKnownFileType = sourcecode.c.objc; path = main.m; sourceTree = "<group>"; };
		A076C70F1A2C547400929A12 /* 2-QQ好友列表-Prefix.pch */ = {isa = PBXFileReference; lastKnownFileType = sourcecode.c.h; path = "2-QQ好友列表-Prefix.pch"; sourceTree = "<group>"; };
		A076C7101A2C547400929A12 /* WJAppDelegate.h */ = {isa = PBXFileReference; lastKnownFileType = sourcecode.c.h; path = WJAppDelegate.h; sourceTree = "<group>"; };
		A076C7111A2C547500929A12 /* WJAppDelegate.m */ = {isa = PBXFileReference; lastKnownFileType = sourcecode.c.objc; path = WJAppDelegate.m; sourceTree = "<group>"; };
		A076C7141A2C547500929A12 /* Base */ = {isa = PBXFileReference; lastKnownFileType = file.storyboard; name = Base; path = Base.lproj/Main.storyboard; sourceTree = "<group>"; };
		A076C7161A2C547500929A12 /* WJViewController.h */ = {isa = PBXFileReference; lastKnownFileType = sourcecode.c.h; path = WJViewController.h; sourceTree = "<group>"; };
		A076C7171A2C547500929A12 /* WJViewController.m */ = {isa = PBXFileReference; lastKnownFileType = sourcecode.c.objc; path = WJViewController.m; sourceTree = "<group>"; };
		A076C7191A2C547500929A12 /* Images.xcassets */ = {isa = PBXFileReference; lastKnownFileType = folder.assetcatalog; path = Images.xcassets; sourceTree = "<group>"; };
		A076C71F1A2C547500929A12 /* 2-QQ好友列表Tests.xctest */ = {isa = PBXFileReference; explicitFileType = wrapper.cfbundle; includeInIndex = 0; path = "2-QQ好友列表Tests.xctest"; sourceTree = BUILT_PRODUCTS_DIR; };
		A076C7201A2C547500929A12 /* XCTest.framework */ = {isa = PBXFileReference; lastKnownFileType = wrapper.framework; name = XCTest.framework; path = Library/Frameworks/XCTest.framework; sourceTree = DEVELOPER_DIR; };
		A076C7281A2C547500929A12 /* 2-QQ好友列表Tests-Info.plist */ = {isa = PBXFileReference; lastKnownFileType = text.plist.xml; path = "2-QQ好友列表Tests-Info.plist"; sourceTree = "<group>"; };
		A076C72A1A2C547500929A12 /* en */ = {isa = PBXFileReference; lastKnownFileType = text.plist.strings; name = en; path = en.lproj/InfoPlist.strings; sourceTree = "<group>"; };
		A076C72C1A2C547500929A12 /* __QQ____Tests.m */ = {isa = PBXFileReference; lastKnownFileType = sourcecode.c.objc; path = "__QQ____Tests.m"; sourceTree = "<group>"; };
		A076C7361A2C549500929A12 /* friends.plist */ = {isa = PBXFileReference; fileEncoding = 4; lastKnownFileType = text.plist.xml; path = friends.plist; sourceTree = "<group>"; };
		A076C73D1A2C55F400929A12 /* WJFriend.h */ = {isa = PBXFileReference; fileEncoding = 4; lastKnownFileType = sourcecode.c.h; path = WJFriend.h; sourceTree = "<group>"; };
		A076C73E1A2C55F400929A12 /* WJFriend.m */ = {isa = PBXFileReference; fileEncoding = 4; lastKnownFileType = sourcecode.c.objc; path = WJFriend.m; sourceTree = "<group>"; };
		A076C7401A2C56F600929A12 /* WJFriendGroup.h */ = {isa = PBXFileReference; fileEncoding = 4; lastKnownFileType = sourcecode.c.h; path = WJFriendGroup.h; sourceTree = "<group>"; };
		A076C7411A2C56F600929A12 /* WJFriendGroup.m */ = {isa = PBXFileReference; fileEncoding = 4; lastKnownFileType = sourcecode.c.objc; path = WJFriendGroup.m; sourceTree = "<group>"; };
		A0E298A91A2ED3470030BD00 /* WJFriendCell.h */ = {isa = PBXFileReference; fileEncoding = 4; lastKnownFileType = sourcecode.c.h; path = WJFriendCell.h; sourceTree = "<group>"; };
		A0E298AA1A2ED3470030BD00 /* WJFriendCell.m */ = {isa = PBXFileReference; fileEncoding = 4; lastKnownFileType = sourcecode.c.objc; path = WJFriendCell.m; sourceTree = "<group>"; };
/* End PBXFileReference section */

/* Begin PBXFrameworksBuildPhase section */
		A076C6FB1A2C547400929A12 /* Frameworks */ = {
			isa = PBXFrameworksBuildPhase;
			buildActionMask = 2147483647;
			files = (
				A076C7041A2C547400929A12 /* CoreGraphics.framework in Frameworks */,
				A076C7061A2C547400929A12 /* UIKit.framework in Frameworks */,
				A076C7021A2C547400929A12 /* Foundation.framework in Frameworks */,
			);
			runOnlyForDeploymentPostprocessing = 0;
		};
		A076C71C1A2C547500929A12 /* Frameworks */ = {
			isa = PBXFrameworksBuildPhase;
			buildActionMask = 2147483647;
			files = (
				A076C7211A2C547500929A12 /* XCTest.framework in Frameworks */,
				A076C7231A2C547500929A12 /* UIKit.framework in Frameworks */,
				A076C7221A2C547500929A12 /* Foundation.framework in Frameworks */,
			);
			runOnlyForDeploymentPostprocessing = 0;
		};
/* End PBXFrameworksBuildPhase section */

/* Begin PBXGroup section */
		A076C6F51A2C547400929A12 = {
			isa = PBXGroup;
			children = (
				A076C7071A2C547400929A12 /* 2-QQ好友列表 */,
				A076C7261A2C547500929A12 /* 2-QQ好友列表Tests */,
				A076C7001A2C547400929A12 /* Frameworks */,
				A076C6FF1A2C547400929A12 /* Products */,
			);
			sourceTree = "<group>";
		};
		A076C6FF1A2C547400929A12 /* Products */ = {
			isa = PBXGroup;
			children = (
				A076C6FE1A2C547400929A12 /* 2-QQ好友列表.app */,
				A076C71F1A2C547500929A12 /* 2-QQ好友列表Tests.xctest */,
			);
			name = Products;
			sourceTree = "<group>";
		};
		A076C7001A2C547400929A12 /* Frameworks */ = {
			isa = PBXGroup;
			children = (
				A076C7011A2C547400929A12 /* Foundation.framework */,
				A076C7031A2C547400929A12 /* CoreGraphics.framework */,
				A076C7051A2C547400929A12 /* UIKit.framework */,
				A076C7201A2C547500929A12 /* XCTest.framework */,
			);
			name = Frameworks;
			sourceTree = "<group>";
		};
		A076C7071A2C547400929A12 /* 2-QQ好友列表 */ = {
			isa = PBXGroup;
			children = (
				A076C7391A2C551E00929A12 /* Classes */,
				A076C7081A2C547400929A12 /* Supporting Files */,
			);
			path = "2-QQ好友列表";
			sourceTree = "<group>";
		};
		A076C7081A2C547400929A12 /* Supporting Files */ = {
			isa = PBXGroup;
			children = (
				A076C7191A2C547500929A12 /* Images.xcassets */,
				A076C7131A2C547500929A12 /* Main.storyboard */,
				A076C7361A2C549500929A12 /* friends.plist */,
				A076C7091A2C547400929A12 /* 2-QQ好友列表-Info.plist */,
				A076C70A1A2C547400929A12 /* InfoPlist.strings */,
				A076C70D1A2C547400929A12 /* main.m */,
				A076C70F1A2C547400929A12 /* 2-QQ好友列表-Prefix.pch */,
			);
			name = "Supporting Files";
			sourceTree = "<group>";
		};
		A076C7261A2C547500929A12 /* 2-QQ好友列表Tests */ = {
			isa = PBXGroup;
			children = (
				A076C72C1A2C547500929A12 /* __QQ____Tests.m */,
				A076C7271A2C547500929A12 /* Supporting Files */,
			);
			path = "2-QQ好友列表Tests";
			sourceTree = "<group>";
		};
		A076C7271A2C547500929A12 /* Supporting Files */ = {
			isa = PBXGroup;
			children = (
				A076C7281A2C547500929A12 /* 2-QQ好友列表Tests-Info.plist */,
				A076C7291A2C547500929A12 /* InfoPlist.strings */,
			);
			name = "Supporting Files";
			sourceTree = "<group>";
		};
		A076C7381A2C551400929A12 /* Model */ = {
			isa = PBXGroup;
			children = (
				A076C73D1A2C55F400929A12 /* WJFriend.h */,
				A076C73E1A2C55F400929A12 /* WJFriend.m */,
				A076C7401A2C56F600929A12 /* WJFriendGroup.h */,
				A076C7411A2C56F600929A12 /* WJFriendGroup.m */,
			);
			name = Model;
			sourceTree = "<group>";
		};
		A076C7391A2C551E00929A12 /* Classes */ = {
			isa = PBXGroup;
			children = (
				A076C73C1A2C554200929A12 /* Other */,
				A076C73B1A2C553500929A12 /* Controller */,
				A076C73A1A2C552C00929A12 /* View */,
				A076C7381A2C551400929A12 /* Model */,
			);
			name = Classes;
			sourceTree = "<group>";
		};
		A076C73A1A2C552C00929A12 /* View */ = {
			isa = PBXGroup;
			children = (
				A02CFAE81A2EB5C200ED2451 /* WJHeaderView.h */,
				A02CFAE91A2EB5C200ED2451 /* WJHeaderView.m */,
				A0E298A91A2ED3470030BD00 /* WJFriendCell.h */,
				A0E298AA1A2ED3470030BD00 /* WJFriendCell.m */,
			);
			name = View;
			sourceTree = "<group>";
		};
		A076C73B1A2C553500929A12 /* Controller */ = {
			isa = PBXGroup;
			children = (
				A076C7161A2C547500929A12 /* WJViewController.h */,
				A076C7171A2C547500929A12 /* WJViewController.m */,
			);
			name = Controller;
			sourceTree = "<group>";
		};
		A076C73C1A2C554200929A12 /* Other */ = {
			isa = PBXGroup;
			children = (
				A076C7101A2C547400929A12 /* WJAppDelegate.h */,
				A076C7111A2C547500929A12 /* WJAppDelegate.m */,
			);
			name = Other;
			sourceTree = "<group>";
		};
/* End PBXGroup section */

/* Begin PBXNativeTarget section */
		A076C6FD1A2C547400929A12 /* 2-QQ好友列表 */ = {
			isa = PBXNativeTarget;
			buildConfigurationList = A076C7301A2C547500929A12 /* Build configuration list for PBXNativeTarget "2-QQ好友列表" */;
			buildPhases = (
				A076C6FA1A2C547400929A12 /* Sources */,
				A076C6FB1A2C547400929A12 /* Frameworks */,
				A076C6FC1A2C547400929A12 /* Resources */,
			);
			buildRules = (
			);
			dependencies = (
			);
			name = "2-QQ好友列表";
			productName = "2-QQ好友列表";
			productReference = A076C6FE1A2C547400929A12 /* 2-QQ好友列表.app */;
			productType = "com.apple.product-type.application";
		};
		A076C71E1A2C547500929A12 /* 2-QQ好友列表Tests */ = {
			isa = PBXNativeTarget;
			buildConfigurationList = A076C7331A2C547500929A12 /* Build configuration list for PBXNativeTarget "2-QQ好友列表Tests" */;
			buildPhases = (
				A076C71B1A2C547500929A12 /* Sources */,
				A076C71C1A2C547500929A12 /* Frameworks */,
				A076C71D1A2C547500929A12 /* Resources */,
			);
			buildRules = (
			);
			dependencies = (
				A076C7251A2C547500929A12 /* PBXTargetDependency */,
			);
			name = "2-QQ好友列表Tests";
			productName = "2-QQ好友列表Tests";
			productReference = A076C71F1A2C547500929A12 /* 2-QQ好友列表Tests.xctest */;
			productType = "com.apple.product-type.bundle.unit-test";
		};
/* End PBXNativeTarget section */

/* Begin PBXProject section */
		A076C6F61A2C547400929A12 /* Project object */ = {
			isa = PBXProject;
			attributes = {
				CLASSPREFIX = WJ;
				LastUpgradeCheck = 0510;
				ORGANIZATIONNAME = sias;
				TargetAttributes = {
					A076C71E1A2C547500929A12 = {
						TestTargetID = A076C6FD1A2C547400929A12;
					};
				};
			};
			buildConfigurationList = A076C6F91A2C547400929A12 /* Build configuration list for PBXProject "2-QQ好友列表" */;
			compatibilityVersion = "Xcode 3.2";
			developmentRegion = English;
			hasScannedForEncodings = 0;
			knownRegions = (
				en,
				Base,
			);
			mainGroup = A076C6F51A2C547400929A12;
			productRefGroup = A076C6FF1A2C547400929A12 /* Products */;
			projectDirPath = "";
			projectRoot = "";
			targets = (
				A076C6FD1A2C547400929A12 /* 2-QQ好友列表 */,
				A076C71E1A2C547500929A12 /* 2-QQ好友列表Tests */,
			);
		};
/* End PBXProject section */

/* Begin PBXResourcesBuildPhase section */
		A076C6FC1A2C547400929A12 /* Resources */ = {
			isa = PBXResourcesBuildPhase;
			buildActionMask = 2147483647;
			files = (
				A076C71A1A2C547500929A12 /* Images.xcassets in Resources */,
				A076C70C1A2C547400929A12 /* InfoPlist.strings in Resources */,
				A076C7371A2C549500929A12 /* friends.plist in Resources */,
				A076C7151A2C547500929A12 /* Main.storyboard in Resources */,
			);
			runOnlyForDeploymentPostprocessing = 0;
		};
		A076C71D1A2C547500929A12 /* Resources */ = {
			isa = PBXResourcesBuildPhase;
			buildActionMask = 2147483647;
			files = (
				A076C72B1A2C547500929A12 /* InfoPlist.strings in Resources */,
			);
			runOnlyForDeploymentPostprocessing = 0;
		};
/* End PBXResourcesBuildPhase section */

/* Begin PBXSourcesBuildPhase section */
		A076C6FA1A2C547400929A12 /* Sources */ = {
			isa = PBXSourcesBuildPhase;
			buildActionMask = 2147483647;
			files = (
				A02CFAEA1A2EB5C200ED2451 /* WJHeaderView.m in Sources */,
				A076C7181A2C547500929A12 /* WJViewController.m in Sources */,
				A076C7421A2C56F600929A12 /* WJFriendGroup.m in Sources */,
				A076C70E1A2C547400929A12 /* main.m in Sources */,
				A076C73F1A2C55F400929A12 /* WJFriend.m in Sources */,
				A0E298AB1A2ED3470030BD00 /* WJFriendCell.m in Sources */,
				A076C7121A2C547500929A12 /* WJAppDelegate.m in Sources */,
			);
			runOnlyForDeploymentPostprocessing = 0;
		};
		A076C71B1A2C547500929A12 /* Sources */ = {
			isa = PBXSourcesBuildPhase;
			buildActionMask = 2147483647;
			files = (
				A076C72D1A2C547500929A12 /* __QQ____Tests.m in Sources */,
			);
			runOnlyForDeploymentPostprocessing = 0;
		};
/* End PBXSourcesBuildPhase section */

/* Begin PBXTargetDependency section */
		A076C7251A2C547500929A12 /* PBXTargetDependency */ = {
			isa = PBXTargetDependency;
			target = A076C6FD1A2C547400929A12 /* 2-QQ好友列表 */;
			targetProxy = A076C7241A2C547500929A12 /* PBXContainerItemProxy */;
		};
/* End PBXTargetDependency section */

/* Begin PBXVariantGroup section */
		A076C70A1A2C547400929A12 /* InfoPlist.strings */ = {
			isa = PBXVariantGroup;
			children = (
				A076C70B1A2C547400929A12 /* en */,
			);
			name = InfoPlist.strings;
			sourceTree = "<group>";
		};
		A076C7131A2C547500929A12 /* Main.storyboard */ = {
			isa = PBXVariantGroup;
			children = (
				A076C7141A2C547500929A12 /* Base */,
			);
			name = Main.storyboard;
			sourceTree = "<group>";
		};
		A076C7291A2C547500929A12 /* InfoPlist.strings */ = {
			isa = PBXVariantGroup;
			children = (
				A076C72A1A2C547500929A12 /* en */,
			);
			name = InfoPlist.strings;
			sourceTree = "<group>";
		};
/* End PBXVariantGroup section */

/* Begin XCBuildConfiguration section */
		A076C72E1A2C547500929A12 /* Debug */ = {
			isa = XCBuildConfiguration;
			buildSettings = {
				ALWAYS_SEARCH_USER_PATHS = NO;
				CLANG_CXX_LANGUAGE_STANDARD = "gnu++0x";
				CLANG_CXX_LIBRARY = "libc++";
				CLANG_ENABLE_MODULES = YES;
				CLANG_ENABLE_OBJC_ARC = YES;
				CLANG_WARN_BOOL_CONVERSION = YES;
				CLANG_WARN_CONSTANT_CONVERSION = YES;
				CLANG_WARN_DIRECT_OBJC_ISA_USAGE = YES_ERROR;
				CLANG_WARN_EMPTY_BODY = YES;
				CLANG_WARN_ENUM_CONVERSION = YES;
				CLANG_WARN_INT_CONVERSION = YES;
				CLANG_WARN_OBJC_ROOT_CLASS = YES_ERROR;
				CLANG_WARN__DUPLICATE_METHOD_MATCH = YES;
				"CODE_SIGN_IDENTITY[sdk=iphoneos*]" = "iPhone Developer";
				COPY_PHASE_STRIP = NO;
				GCC_C_LANGUAGE_STANDARD = gnu99;
				GCC_DYNAMIC_NO_PIC = NO;
				GCC_OPTIMIZATION_LEVEL = 0;
				GCC_PREPROCESSOR_DEFINITIONS = (
					"DEBUG=1",
					"$(inherited)",
				);
				GCC_SYMBOLS_PRIVATE_EXTERN = NO;
				GCC_WARN_64_TO_32_BIT_CONVERSION = YES;
				GCC_WARN_ABOUT_RETURN_TYPE = YES_ERROR;
				GCC_WARN_UNDECLARED_SELECTOR = YES;
				GCC_WARN_UNINITIALIZED_AUTOS = YES_AGGRESSIVE;
				GCC_WARN_UNUSED_FUNCTION = YES;
				GCC_WARN_UNUSED_VARIABLE = YES;
				IPHONEOS_DEPLOYMENT_TARGET = 7.1;
				ONLY_ACTIVE_ARCH = YES;
				SDKROOT = iphoneos;
			};
			name = Debug;
		};
		A076C72F1A2C547500929A12 /* Release */ = {
			isa = XCBuildConfiguration;
			buildSettings = {
				ALWAYS_SEARCH_USER_PATHS = NO;
				CLANG_CXX_LANGUAGE_STANDARD = "gnu++0x";
				CLANG_CXX_LIBRARY = "libc++";
				CLANG_ENABLE_MODULES = YES;
				CLANG_ENABLE_OBJC_ARC = YES;
				CLANG_WARN_BOOL_CONVERSION = YES;
				CLANG_WARN_CONSTANT_CONVERSION = YES;
				CLANG_WARN_DIRECT_OBJC_ISA_USAGE = YES_ERROR;
				CLANG_WARN_EMPTY_BODY = YES;
				CLANG_WARN_ENUM_CONVERSION = YES;
				CLANG_WARN_INT_CONVERSION = YES;
				CLANG_WARN_OBJC_ROOT_CLASS = YES_ERROR;
				CLANG_WARN__DUPLICATE_METHOD_MATCH = YES;
				"CODE_SIGN_IDENTITY[sdk=iphoneos*]" = "iPhone Developer";
				COPY_PHASE_STRIP = YES;
				ENABLE_NS_ASSERTIONS = NO;
				GCC_C_LANGUAGE_STANDARD = gnu99;
				GCC_WARN_64_TO_32_BIT_CONVERSION = YES;
				GCC_WARN_ABOUT_RETURN_TYPE = YES_ERROR;
				GCC_WARN_UNDECLARED_SELECTOR = YES;
				GCC_WARN_UNINITIALIZED_AUTOS = YES_AGGRESSIVE;
				GCC_WARN_UNUSED_FUNCTION = YES;
				GCC_WARN_UNUSED_VARIABLE = YES;
				IPHONEOS_DEPLOYMENT_TARGET = 7.1;
				SDKROOT = iphoneos;
				VALIDATE_PRODUCT = YES;
			};
			name = Release;
		};
		A076C7311A2C547500929A12 /* Debug */ = {
			isa = XCBuildConfiguration;
			buildSettings = {
				ASSETCATALOG_COMPILER_APPICON_NAME = AppIcon;
				ASSETCATALOG_COMPILER_LAUNCHIMAGE_NAME = LaunchImage;
				GCC_PRECOMPILE_PREFIX_HEADER = YES;
				GCC_PREFIX_HEADER = "2-QQ好友列表/2-QQ好友列表-Prefix.pch";
				INFOPLIST_FILE = "2-QQ好友列表/2-QQ好友列表-Info.plist";
				PRODUCT_NAME = "$(TARGET_NAME)";
				WRAPPER_EXTENSION = app;
			};
			name = Debug;
		};
		A076C7321A2C547500929A12 /* Release */ = {
			isa = XCBuildConfiguration;
			buildSettings = {
				ASSETCATALOG_COMPILER_APPICON_NAME = AppIcon;
				ASSETCATALOG_COMPILER_LAUNCHIMAGE_NAME = LaunchImage;
				GCC_PRECOMPILE_PREFIX_HEADER = YES;
				GCC_PREFIX_HEADER = "2-QQ好友列表/2-QQ好友列表-Prefix.pch";
				INFOPLIST_FILE = "2-QQ好友列表/2-QQ好友列表-Info.plist";
				PRODUCT_NAME = "$(TARGET_NAME)";
				WRAPPER_EXTENSION = app;
			};
			name = Release;
		};
		A076C7341A2C547500929A12 /* Debug */ = {
			isa = XCBuildConfiguration;
			buildSettings = {
				BUNDLE_LOADER = "$(BUILT_PRODUCTS_DIR)/2-QQ好友列表.app/2-QQ好友列表";
				FRAMEWORK_SEARCH_PATHS = (
					"$(SDKROOT)/Developer/Library/Frameworks",
					"$(inherited)",
					"$(DEVELOPER_FRAMEWORKS_DIR)",
				);
				GCC_PRECOMPILE_PREFIX_HEADER = YES;
				GCC_PREFIX_HEADER = "2-QQ好友列表/2-QQ好友列表-Prefix.pch";
				GCC_PREPROCESSOR_DEFINITIONS = (
					"DEBUG=1",
					"$(inherited)",
				);
				INFOPLIST_FILE = "2-QQ好友列表Tests/2-QQ好友列表Tests-Info.plist";
				PRODUCT_NAME = "$(TARGET_NAME)";
				TEST_HOST = "$(BUNDLE_LOADER)";
				WRAPPER_EXTENSION = xctest;
			};
			name = Debug;
		};
		A076C7351A2C547500929A12 /* Release */ = {
			isa = XCBuildConfiguration;
			buildSettings = {
				BUNDLE_LOADER = "$(BUILT_PRODUCTS_DIR)/2-QQ好友列表.app/2-QQ好友列表";
				FRAMEWORK_SEARCH_PATHS = (
					"$(SDKROOT)/Developer/Library/Frameworks",
					"$(inherited)",
					"$(DEVELOPER_FRAMEWORKS_DIR)",
				);
				GCC_PRECOMPILE_PREFIX_HEADER = YES;
				GCC_PREFIX_HEADER = "2-QQ好友列表/2-QQ好友列表-Prefix.pch";
				INFOPLIST_FILE = "2-QQ好友列表Tests/2-QQ好友列表Tests-Info.plist";
				PRODUCT_NAME = "$(TARGET_NAME)";
				TEST_HOST = "$(BUNDLE_LOADER)";
				WRAPPER_EXTENSION = xctest;
			};
			name = Release;
		};
/* End XCBuildConfiguration section */

/* Begin XCConfigurationList section */
		A076C6F91A2C547400929A12 /* Build configuration list for PBXProject "2-QQ好友列表" */ = {
			isa = XCConfigurationList;
			buildConfigurations = (
				A076C72E1A2C547500929A12 /* Debug */,
				A076C72F1A2C547500929A12 /* Release */,
			);
			defaultConfigurationIsVisible = 0;
			defaultConfigurationName = Release;
		};
		A076C7301A2C547500929A12 /* Build configuration list for PBXNativeTarget "2-QQ好友列表" */ = {
			isa = XCConfigurationList;
			buildConfigurations = (
				A076C7311A2C547500929A12 /* Debug */,
				A076C7321A2C547500929A12 /* Release */,
			);
			defaultConfigurationIsVisible = 0;
			defaultConfigurationName = Release;
		};
		A076C7331A2C547500929A12 /* Build configuration list for PBXNativeTarget "2-QQ好友列表Tests" */ = {
			isa = XCConfigurationList;
			buildConfigurations = (
				A076C7341A2C547500929A12 /* Debug */,
				A076C7351A2C547500929A12 /* Release */,
			);
			defaultConfigurationIsVisible = 0;
			defaultConfigurationName = Release;
		};
/* End XCConfigurationList section */
	};
	rootObject = A076C6F61A2C547400929A12 /* Project object */;
}
