// !$*UTF8*$!
{
	archiveVersion = 1;
	classes = {
	};
	objectVersion = 46;
	objects = {

/* Begin PBXBuildFile section */
		A06857DA19FFB0D10010742B /* Foundation.framework in Frameworks */ = {isa = PBXBuildFile; fileRef = A06857D919FFB0D10010742B /* Foundation.framework */; };
		A06857DC19FFB0D10010742B /* CoreGraphics.framework in Frameworks */ = {isa = PBXBuildFile; fileRef = A06857DB19FFB0D10010742B /* CoreGraphics.framework */; };
		A06857DE19FFB0D10010742B /* UIKit.framework in Frameworks */ = {isa = PBXBuildFile; fileRef = A06857DD19FFB0D10010742B /* UIKit.framework */; };
		A06857E419FFB0D10010742B /* InfoPlist.strings in Resources */ = {isa = PBXBuildFile; fileRef = A06857E219FFB0D10010742B /* InfoPlist.strings */; };
		A06857E619FFB0D10010742B /* main.m in Sources */ = {isa = PBXBuildFile; fileRef = A06857E519FFB0D10010742B /* main.m */; };
		A06857EA19FFB0D10010742B /* WJAppDelegate.m in Sources */ = {isa = PBXBuildFile; fileRef = A06857E919FFB0D10010742B /* WJAppDelegate.m */; };
		A06857ED19FFB0D10010742B /* Main.storyboard in Resources */ = {isa = PBXBuildFile; fileRef = A06857EB19FFB0D10010742B /* Main.storyboard */; };
		A06857F019FFB0D10010742B /* WJViewController.m in Sources */ = {isa = PBXBuildFile; fileRef = A06857EF19FFB0D10010742B /* WJViewController.m */; };
		A06857F219FFB0D10010742B /* Images.xcassets in Resources */ = {isa = PBXBuildFile; fileRef = A06857F119FFB0D10010742B /* Images.xcassets */; };
		A06857F919FFB0D10010742B /* XCTest.framework in Frameworks */ = {isa = PBXBuildFile; fileRef = A06857F819FFB0D10010742B /* XCTest.framework */; };
		A06857FA19FFB0D10010742B /* Foundation.framework in Frameworks */ = {isa = PBXBuildFile; fileRef = A06857D919FFB0D10010742B /* Foundation.framework */; };
		A06857FB19FFB0D10010742B /* UIKit.framework in Frameworks */ = {isa = PBXBuildFile; fileRef = A06857DD19FFB0D10010742B /* UIKit.framework */; };
		A068580319FFB0D10010742B /* InfoPlist.strings in Resources */ = {isa = PBXBuildFile; fileRef = A068580119FFB0D10010742B /* InfoPlist.strings */; };
		A068580519FFB0D10010742B /* UITableViewTests.m in Sources */ = {isa = PBXBuildFile; fileRef = A068580419FFB0D10010742B /* UITableViewTests.m */; };
		A068580F19FFB1F70010742B /* cars_total.plist in Resources */ = {isa = PBXBuildFile; fileRef = A068580E19FFB1F70010742B /* cars_total.plist */; };
		A068581219FFB4B80010742B /* WJCarGroup.m in Sources */ = {isa = PBXBuildFile; fileRef = A068581119FFB4B80010742B /* WJCarGroup.m */; };
		A068581519FFB4F30010742B /* WJCar.m in Sources */ = {isa = PBXBuildFile; fileRef = A068581419FFB4F30010742B /* WJCar.m */; };
/* End PBXBuildFile section */

/* Begin PBXContainerItemProxy section */
		A06857FC19FFB0D10010742B /* PBXContainerItemProxy */ = {
			isa = PBXContainerItemProxy;
			containerPortal = A06857CE19FFB0D10010742B /* Project object */;
			proxyType = 1;
			remoteGlobalIDString = A06857D519FFB0D10010742B;
			remoteInfo = UITableView;
		};
/* End PBXContainerItemProxy section */

/* Begin PBXFileReference section */
		A06857D619FFB0D10010742B /* UITableView.app */ = {isa = PBXFileReference; explicitFileType = wrapper.application; includeInIndex = 0; path = UITableView.app; sourceTree = BUILT_PRODUCTS_DIR; };
		A06857D919FFB0D10010742B /* Foundation.framework */ = {isa = PBXFileReference; lastKnownFileType = wrapper.framework; name = Foundation.framework; path = System/Library/Frameworks/Foundation.framework; sourceTree = SDKROOT; };
		A06857DB19FFB0D10010742B /* CoreGraphics.framework */ = {isa = PBXFileReference; lastKnownFileType = wrapper.framework; name = CoreGraphics.framework; path = System/Library/Frameworks/CoreGraphics.framework; sourceTree = SDKROOT; };
		A06857DD19FFB0D10010742B /* UIKit.framework */ = {isa = PBXFileReference; lastKnownFileType = wrapper.framework; name = UIKit.framework; path = System/Library/Frameworks/UIKit.framework; sourceTree = SDKROOT; };
		A06857E119FFB0D10010742B /* UITableView-Info.plist */ = {isa = PBXFileReference; lastKnownFileType = text.plist.xml; path = "UITableView-Info.plist"; sourceTree = "<group>"; };
		A06857E319FFB0D10010742B /* en */ = {isa = PBXFileReference; lastKnownFileType = text.plist.strings; name = en; path = en.lproj/InfoPlist.strings; sourceTree = "<group>"; };
		A06857E519FFB0D10010742B /* main.m */ = {isa = PBXFileReference; lastKnownFileType = sourcecode.c.objc; path = main.m; sourceTree = "<group>"; };
		A06857E719FFB0D10010742B /* UITableView-Prefix.pch */ = {isa = PBXFileReference; lastKnownFileType = sourcecode.c.h; path = "UITableView-Prefix.pch"; sourceTree = "<group>"; };
		A06857E819FFB0D10010742B /* WJAppDelegate.h */ = {isa = PBXFileReference; lastKnownFileType = sourcecode.c.h; path = WJAppDelegate.h; sourceTree = "<group>"; };
		A06857E919FFB0D10010742B /* WJAppDelegate.m */ = {isa = PBXFileReference; lastKnownFileType = sourcecode.c.objc; path = WJAppDelegate.m; sourceTree = "<group>"; };
		A06857EC19FFB0D10010742B /* Base */ = {isa = PBXFileReference; lastKnownFileType = file.storyboard; name = Base; path = Base.lproj/Main.storyboard; sourceTree = "<group>"; };
		A06857EE19FFB0D10010742B /* WJViewController.h */ = {isa = PBXFileReference; lastKnownFileType = sourcecode.c.h; path = WJViewController.h; sourceTree = "<group>"; };
		A06857EF19FFB0D10010742B /* WJViewController.m */ = {isa = PBXFileReference; lastKnownFileType = sourcecode.c.objc; path = WJViewController.m; sourceTree = "<group>"; };
		A06857F119FFB0D10010742B /* Images.xcassets */ = {isa = PBXFileReference; lastKnownFileType = folder.assetcatalog; path = Images.xcassets; sourceTree = "<group>"; };
		A06857F719FFB0D10010742B /* UITableViewTests.xctest */ = {isa = PBXFileReference; explicitFileType = wrapper.cfbundle; includeInIndex = 0; path = UITableViewTests.xctest; sourceTree = BUILT_PRODUCTS_DIR; };
		A06857F819FFB0D10010742B /* XCTest.framework */ = {isa = PBXFileReference; lastKnownFileType = wrapper.framework; name = XCTest.framework; path = Library/Frameworks/XCTest.framework; sourceTree = DEVELOPER_DIR; };
		A068580019FFB0D10010742B /* UITableViewTests-Info.plist */ = {isa = PBXFileReference; lastKnownFileType = text.plist.xml; path = "UITableViewTests-Info.plist"; sourceTree = "<group>"; };
		A068580219FFB0D10010742B /* en */ = {isa = PBXFileReference; lastKnownFileType = text.plist.strings; name = en; path = en.lproj/InfoPlist.strings; sourceTree = "<group>"; };
		A068580419FFB0D10010742B /* UITableViewTests.m */ = {isa = PBXFileReference; lastKnownFileType = sourcecode.c.objc; path = UITableViewTests.m; sourceTree = "<group>"; };
		A068580E19FFB1F70010742B /* cars_total.plist */ = {isa = PBXFileReference; fileEncoding = 4; lastKnownFileType = text.plist.xml; path = cars_total.plist; sourceTree = "<group>"; };
		A068581019FFB4B80010742B /* WJCarGroup.h */ = {isa = PBXFileReference; fileEncoding = 4; lastKnownFileType = sourcecode.c.h; path = WJCarGroup.h; sourceTree = "<group>"; };
		A068581119FFB4B80010742B /* WJCarGroup.m */ = {isa = PBXFileReference; fileEncoding = 4; lastKnownFileType = sourcecode.c.objc; path = WJCarGroup.m; sourceTree = "<group>"; };
		A068581319FFB4F30010742B /* WJCar.h */ = {isa = PBXFileReference; fileEncoding = 4; lastKnownFileType = sourcecode.c.h; path = WJCar.h; sourceTree = "<group>"; };
		A068581419FFB4F30010742B /* WJCar.m */ = {isa = PBXFileReference; fileEncoding = 4; lastKnownFileType = sourcecode.c.objc; path = WJCar.m; sourceTree = "<group>"; };
/* End PBXFileReference section */

/* Begin PBXFrameworksBuildPhase section */
		A06857D319FFB0D10010742B /* Frameworks */ = {
			isa = PBXFrameworksBuildPhase;
			buildActionMask = 2147483647;
			files = (
				A06857DC19FFB0D10010742B /* CoreGraphics.framework in Frameworks */,
				A06857DE19FFB0D10010742B /* UIKit.framework in Frameworks */,
				A06857DA19FFB0D10010742B /* Foundation.framework in Frameworks */,
			);
			runOnlyForDeploymentPostprocessing = 0;
		};
		A06857F419FFB0D10010742B /* Frameworks */ = {
			isa = PBXFrameworksBuildPhase;
			buildActionMask = 2147483647;
			files = (
				A06857F919FFB0D10010742B /* XCTest.framework in Frameworks */,
				A06857FB19FFB0D10010742B /* UIKit.framework in Frameworks */,
				A06857FA19FFB0D10010742B /* Foundation.framework in Frameworks */,
			);
			runOnlyForDeploymentPostprocessing = 0;
		};
/* End PBXFrameworksBuildPhase section */

/* Begin PBXGroup section */
		A06857CD19FFB0D10010742B = {
			isa = PBXGroup;
			children = (
				A06857DF19FFB0D10010742B /* UITableView */,
				A06857FE19FFB0D10010742B /* UITableViewTests */,
				A06857D819FFB0D10010742B /* Frameworks */,
				A06857D719FFB0D10010742B /* Products */,
			);
			sourceTree = "<group>";
		};
		A06857D719FFB0D10010742B /* Products */ = {
			isa = PBXGroup;
			children = (
				A06857D619FFB0D10010742B /* UITableView.app */,
				A06857F719FFB0D10010742B /* UITableViewTests.xctest */,
			);
			name = Products;
			sourceTree = "<group>";
		};
		A06857D819FFB0D10010742B /* Frameworks */ = {
			isa = PBXGroup;
			children = (
				A06857D919FFB0D10010742B /* Foundation.framework */,
				A06857DB19FFB0D10010742B /* CoreGraphics.framework */,
				A06857DD19FFB0D10010742B /* UIKit.framework */,
				A06857F819FFB0D10010742B /* XCTest.framework */,
			);
			name = Frameworks;
			sourceTree = "<group>";
		};
		A06857DF19FFB0D10010742B /* UITableView */ = {
			isa = PBXGroup;
			children = (
				A06857E819FFB0D10010742B /* WJAppDelegate.h */,
				A06857E919FFB0D10010742B /* WJAppDelegate.m */,
				A06857EB19FFB0D10010742B /* Main.storyboard */,
				A06857EE19FFB0D10010742B /* WJViewController.h */,
				A06857EF19FFB0D10010742B /* WJViewController.m */,
				A06857F119FFB0D10010742B /* Images.xcassets */,
				A06857E019FFB0D10010742B /* Supporting Files */,
				A068581019FFB4B80010742B /* WJCarGroup.h */,
				A068581119FFB4B80010742B /* WJCarGroup.m */,
				A068581319FFB4F30010742B /* WJCar.h */,
				A068581419FFB4F30010742B /* WJCar.m */,
			);
			path = UITableView;
			sourceTree = "<group>";
		};
		A06857E019FFB0D10010742B /* Supporting Files */ = {
			isa = PBXGroup;
			children = (
				A068580E19FFB1F70010742B /* cars_total.plist */,
				A06857E119FFB0D10010742B /* UITableView-Info.plist */,
				A06857E219FFB0D10010742B /* InfoPlist.strings */,
				A06857E519FFB0D10010742B /* main.m */,
				A06857E719FFB0D10010742B /* UITableView-Prefix.pch */,
			);
			name = "Supporting Files";
			sourceTree = "<group>";
		};
		A06857FE19FFB0D10010742B /* UITableViewTests */ = {
			isa = PBXGroup;
			children = (
				A068580419FFB0D10010742B /* UITableViewTests.m */,
				A06857FF19FFB0D10010742B /* Supporting Files */,
			);
			path = UITableViewTests;
			sourceTree = "<group>";
		};
		A06857FF19FFB0D10010742B /* Supporting Files */ = {
			isa = PBXGroup;
			children = (
				A068580019FFB0D10010742B /* UITableViewTests-Info.plist */,
				A068580119FFB0D10010742B /* InfoPlist.strings */,
			);
			name = "Supporting Files";
			sourceTree = "<group>";
		};
/* End PBXGroup section */

/* Begin PBXNativeTarget section */
		A06857D519FFB0D10010742B /* UITableView */ = {
			isa = PBXNativeTarget;
			buildConfigurationList = A068580819FFB0D10010742B /* Build configuration list for PBXNativeTarget "UITableView" */;
			buildPhases = (
				A06857D219FFB0D10010742B /* Sources */,
				A06857D319FFB0D10010742B /* Frameworks */,
				A06857D419FFB0D10010742B /* Resources */,
			);
			buildRules = (
			);
			dependencies = (
			);
			name = UITableView;
			productName = UITableView;
			productReference = A06857D619FFB0D10010742B /* UITableView.app */;
			productType = "com.apple.product-type.application";
		};
		A06857F619FFB0D10010742B /* UITableViewTests */ = {
			isa = PBXNativeTarget;
			buildConfigurationList = A068580B19FFB0D10010742B /* Build configuration list for PBXNativeTarget "UITableViewTests" */;
			buildPhases = (
				A06857F319FFB0D10010742B /* Sources */,
				A06857F419FFB0D10010742B /* Frameworks */,
				A06857F519FFB0D10010742B /* Resources */,
			);
			buildRules = (
			);
			dependencies = (
				A06857FD19FFB0D10010742B /* PBXTargetDependency */,
			);
			name = UITableViewTests;
			productName = UITableViewTests;
			productReference = A06857F719FFB0D10010742B /* UITableViewTests.xctest */;
			productType = "com.apple.product-type.bundle.unit-test";
		};
/* End PBXNativeTarget section */

/* Begin PBXProject section */
		A06857CE19FFB0D10010742B /* Project object */ = {
			isa = PBXProject;
			attributes = {
				CLASSPREFIX = WJ;
				LastUpgradeCheck = 0510;
				ORGANIZATIONNAME = sias;
				TargetAttributes = {
					A06857F619FFB0D10010742B = {
						TestTargetID = A06857D519FFB0D10010742B;
					};
				};
			};
			buildConfigurationList = A06857D119FFB0D10010742B /* Build configuration list for PBXProject "UITableView" */;
			compatibilityVersion = "Xcode 3.2";
			developmentRegion = English;
			hasScannedForEncodings = 0;
			knownRegions = (
				en,
				Base,
			);
			mainGroup = A06857CD19FFB0D10010742B;
			productRefGroup = A06857D719FFB0D10010742B /* Products */;
			projectDirPath = "";
			projectRoot = "";
			targets = (
				A06857D519FFB0D10010742B /* UITableView */,
				A06857F619FFB0D10010742B /* UITableViewTests */,
			);
		};
/* End PBXProject section */

/* Begin PBXResourcesBuildPhase section */
		A06857D419FFB0D10010742B /* Resources */ = {
			isa = PBXResourcesBuildPhase;
			buildActionMask = 2147483647;
			files = (
				A06857F219FFB0D10010742B /* Images.xcassets in Resources */,
				A06857E419FFB0D10010742B /* InfoPlist.strings in Resources */,
				A068580F19FFB1F70010742B /* cars_total.plist in Resources */,
				A06857ED19FFB0D10010742B /* Main.storyboard in Resources */,
			);
			runOnlyForDeploymentPostprocessing = 0;
		};
		A06857F519FFB0D10010742B /* Resources */ = {
			isa = PBXResourcesBuildPhase;
			buildActionMask = 2147483647;
			files = (
				A068580319FFB0D10010742B /* InfoPlist.strings in Resources */,
			);
			runOnlyForDeploymentPostprocessing = 0;
		};
/* End PBXResourcesBuildPhase section */

/* Begin PBXSourcesBuildPhase section */
		A06857D219FFB0D10010742B /* Sources */ = {
			isa = PBXSourcesBuildPhase;
			buildActionMask = 2147483647;
			files = (
				A06857F019FFB0D10010742B /* WJViewController.m in Sources */,
				A06857E619FFB0D10010742B /* main.m in Sources */,
				A06857EA19FFB0D10010742B /* WJAppDelegate.m in Sources */,
				A068581219FFB4B80010742B /* WJCarGroup.m in Sources */,
				A068581519FFB4F30010742B /* WJCar.m in Sources */,
			);
			runOnlyForDeploymentPostprocessing = 0;
		};
		A06857F319FFB0D10010742B /* Sources */ = {
			isa = PBXSourcesBuildPhase;
			buildActionMask = 2147483647;
			files = (
				A068580519FFB0D10010742B /* UITableViewTests.m in Sources */,
			);
			runOnlyForDeploymentPostprocessing = 0;
		};
/* End PBXSourcesBuildPhase section */

/* Begin PBXTargetDependency section */
		A06857FD19FFB0D10010742B /* PBXTargetDependency */ = {
			isa = PBXTargetDependency;
			target = A06857D519FFB0D10010742B /* UITableView */;
			targetProxy = A06857FC19FFB0D10010742B /* PBXContainerItemProxy */;
		};
/* End PBXTargetDependency section */

/* Begin PBXVariantGroup section */
		A06857E219FFB0D10010742B /* InfoPlist.strings */ = {
			isa = PBXVariantGroup;
			children = (
				A06857E319FFB0D10010742B /* en */,
			);
			name = InfoPlist.strings;
			sourceTree = "<group>";
		};
		A06857EB19FFB0D10010742B /* Main.storyboard */ = {
			isa = PBXVariantGroup;
			children = (
				A06857EC19FFB0D10010742B /* Base */,
			);
			name = Main.storyboard;
			sourceTree = "<group>";
		};
		A068580119FFB0D10010742B /* InfoPlist.strings */ = {
			isa = PBXVariantGroup;
			children = (
				A068580219FFB0D10010742B /* en */,
			);
			name = InfoPlist.strings;
			sourceTree = "<group>";
		};
/* End PBXVariantGroup section */

/* Begin XCBuildConfiguration section */
		A068580619FFB0D10010742B /* Debug */ = {
			isa = XCBuildConfiguration;
			buildSettings = {
				ALWAYS_SEARCH_USER_PATHS = NO;
				CLANG_CXX_LANGUAGE_STANDARD = "gnu++0x";
				CLANG_CXX_LIBRARY = "libc++";
				CLANG_ENABLE_MODULES = YES;
				CLANG_ENABLE_OBJC_ARC = YES;
				CLANG_WARN_BOOL_CONVERSION = YES;
				CLANG_WARN_CONSTANT_CONVERSION = YES;
				CLANG_WARN_DIRECT_OBJC_ISA_USAGE = YES_ERROR;
				CLANG_WARN_EMPTY_BODY = YES;
				CLANG_WARN_ENUM_CONVERSION = YES;
				CLANG_WARN_INT_CONVERSION = YES;
				CLANG_WARN_OBJC_ROOT_CLASS = YES_ERROR;
				CLANG_WARN__DUPLICATE_METHOD_MATCH = YES;
				"CODE_SIGN_IDENTITY[sdk=iphoneos*]" = "iPhone Developer";
				COPY_PHASE_STRIP = NO;
				GCC_C_LANGUAGE_STANDARD = gnu99;
				GCC_DYNAMIC_NO_PIC = NO;
				GCC_OPTIMIZATION_LEVEL = 0;
				GCC_PREPROCESSOR_DEFINITIONS = (
					"DEBUG=1",
					"$(inherited)",
				);
				GCC_SYMBOLS_PRIVATE_EXTERN = NO;
				GCC_WARN_64_TO_32_BIT_CONVERSION = YES;
				GCC_WARN_ABOUT_RETURN_TYPE = YES_ERROR;
				GCC_WARN_UNDECLARED_SELECTOR = YES;
				GCC_WARN_UNINITIALIZED_AUTOS = YES_AGGRESSIVE;
				GCC_WARN_UNUSED_FUNCTION = YES;
				GCC_WARN_UNUSED_VARIABLE = YES;
				IPHONEOS_DEPLOYMENT_TARGET = 7.1;
				ONLY_ACTIVE_ARCH = YES;
				SDKROOT = iphoneos;
			};
			name = Debug;
		};
		A068580719FFB0D10010742B /* Release */ = {
			isa = XCBuildConfiguration;
			buildSettings = {
				ALWAYS_SEARCH_USER_PATHS = NO;
				CLANG_CXX_LANGUAGE_STANDARD = "gnu++0x";
				CLANG_CXX_LIBRARY = "libc++";
				CLANG_ENABLE_MODULES = YES;
				CLANG_ENABLE_OBJC_ARC = YES;
				CLANG_WARN_BOOL_CONVERSION = YES;
				CLANG_WARN_CONSTANT_CONVERSION = YES;
				CLANG_WARN_DIRECT_OBJC_ISA_USAGE = YES_ERROR;
				CLANG_WARN_EMPTY_BODY = YES;
				CLANG_WARN_ENUM_CONVERSION = YES;
				CLANG_WARN_INT_CONVERSION = YES;
				CLANG_WARN_OBJC_ROOT_CLASS = YES_ERROR;
				CLANG_WARN__DUPLICATE_METHOD_MATCH = YES;
				"CODE_SIGN_IDENTITY[sdk=iphoneos*]" = "iPhone Developer";
				COPY_PHASE_STRIP = YES;
				ENABLE_NS_ASSERTIONS = NO;
				GCC_C_LANGUAGE_STANDARD = gnu99;
				GCC_WARN_64_TO_32_BIT_CONVERSION = YES;
				GCC_WARN_ABOUT_RETURN_TYPE = YES_ERROR;
				GCC_WARN_UNDECLARED_SELECTOR = YES;
				GCC_WARN_UNINITIALIZED_AUTOS = YES_AGGRESSIVE;
				GCC_WARN_UNUSED_FUNCTION = YES;
				GCC_WARN_UNUSED_VARIABLE = YES;
				IPHONEOS_DEPLOYMENT_TARGET = 7.1;
				SDKROOT = iphoneos;
				VALIDATE_PRODUCT = YES;
			};
			name = Release;
		};
		A068580919FFB0D10010742B /* Debug */ = {
			isa = XCBuildConfiguration;
			buildSettings = {
				ASSETCATALOG_COMPILER_APPICON_NAME = AppIcon;
				ASSETCATALOG_COMPILER_LAUNCHIMAGE_NAME = LaunchImage;
				GCC_PRECOMPILE_PREFIX_HEADER = YES;
				GCC_PREFIX_HEADER = "UITableView/UITableView-Prefix.pch";
				INFOPLIST_FILE = "UITableView/UITableView-Info.plist";
				PRODUCT_NAME = "$(TARGET_NAME)";
				WRAPPER_EXTENSION = app;
			};
			name = Debug;
		};
		A068580A19FFB0D10010742B /* Release */ = {
			isa = XCBuildConfiguration;
			buildSettings = {
				ASSETCATALOG_COMPILER_APPICON_NAME = AppIcon;
				ASSETCATALOG_COMPILER_LAUNCHIMAGE_NAME = LaunchImage;
				GCC_PRECOMPILE_PREFIX_HEADER = YES;
				GCC_PREFIX_HEADER = "UITableView/UITableView-Prefix.pch";
				INFOPLIST_FILE = "UITableView/UITableView-Info.plist";
				PRODUCT_NAME = "$(TARGET_NAME)";
				WRAPPER_EXTENSION = app;
			};
			name = Release;
		};
		A068580C19FFB0D10010742B /* Debug */ = {
			isa = XCBuildConfiguration;
			buildSettings = {
				BUNDLE_LOADER = "$(BUILT_PRODUCTS_DIR)/UITableView.app/UITableView";
				FRAMEWORK_SEARCH_PATHS = (
					"$(SDKROOT)/Developer/Library/Frameworks",
					"$(inherited)",
					"$(DEVELOPER_FRAMEWORKS_DIR)",
				);
				GCC_PRECOMPILE_PREFIX_HEADER = YES;
				GCC_PREFIX_HEADER = "UITableView/UITableView-Prefix.pch";
				GCC_PREPROCESSOR_DEFINITIONS = (
					"DEBUG=1",
					"$(inherited)",
				);
				INFOPLIST_FILE = "UITableViewTests/UITableViewTests-Info.plist";
				PRODUCT_NAME = "$(TARGET_NAME)";
				TEST_HOST = "$(BUNDLE_LOADER)";
				WRAPPER_EXTENSION = xctest;
			};
			name = Debug;
		};
		A068580D19FFB0D10010742B /* Release */ = {
			isa = XCBuildConfiguration;
			buildSettings = {
				BUNDLE_LOADER = "$(BUILT_PRODUCTS_DIR)/UITableView.app/UITableView";
				FRAMEWORK_SEARCH_PATHS = (
					"$(SDKROOT)/Developer/Library/Frameworks",
					"$(inherited)",
					"$(DEVELOPER_FRAMEWORKS_DIR)",
				);
				GCC_PRECOMPILE_PREFIX_HEADER = YES;
				GCC_PREFIX_HEADER = "UITableView/UITableView-Prefix.pch";
				INFOPLIST_FILE = "UITableViewTests/UITableViewTests-Info.plist";
				PRODUCT_NAME = "$(TARGET_NAME)";
				TEST_HOST = "$(BUNDLE_LOADER)";
				WRAPPER_EXTENSION = xctest;
			};
			name = Release;
		};
/* End XCBuildConfiguration section */

/* Begin XCConfigurationList section */
		A06857D119FFB0D10010742B /* Build configuration list for PBXProject "UITableView" */ = {
			isa = XCConfigurationList;
			buildConfigurations = (
				A068580619FFB0D10010742B /* Debug */,
				A068580719FFB0D10010742B /* Release */,
			);
			defaultConfigurationIsVisible = 0;
			defaultConfigurationName = Release;
		};
		A068580819FFB0D10010742B /* Build configuration list for PBXNativeTarget "UITableView" */ = {
			isa = XCConfigurationList;
			buildConfigurations = (
				A068580919FFB0D10010742B /* Debug */,
				A068580A19FFB0D10010742B /* Release */,
			);
			defaultConfigurationIsVisible = 0;
		};
		A068580B19FFB0D10010742B /* Build configuration list for PBXNativeTarget "UITableViewTests" */ = {
			isa = XCConfigurationList;
			buildConfigurations = (
				A068580C19FFB0D10010742B /* Debug */,
				A068580D19FFB0D10010742B /* Release */,
			);
			defaultConfigurationIsVisible = 0;
		};
/* End XCConfigurationList section */
	};
	rootObject = A06857CE19FFB0D10010742B /* Project object */;
}
