// !$*UTF8*$!
{
	archiveVersion = 1;
	classes = {
	};
	objectVersion = 46;
	objects = {

/* Begin PBXBuildFile section */
		A0C15EB21A2F2863003E09C8 /* Foundation.framework in Frameworks */ = {isa = PBXBuildFile; fileRef = A0C15EB11A2F2863003E09C8 /* Foundation.framework */; };
		A0C15EB41A2F2863003E09C8 /* CoreGraphics.framework in Frameworks */ = {isa = PBXBuildFile; fileRef = A0C15EB31A2F2863003E09C8 /* CoreGraphics.framework */; };
		A0C15EB61A2F2863003E09C8 /* UIKit.framework in Frameworks */ = {isa = PBXBuildFile; fileRef = A0C15EB51A2F2863003E09C8 /* UIKit.framework */; };
		A0C15EBC1A2F2863003E09C8 /* InfoPlist.strings in Resources */ = {isa = PBXBuildFile; fileRef = A0C15EBA1A2F2863003E09C8 /* InfoPlist.strings */; };
		A0C15EBE1A2F2863003E09C8 /* main.m in Sources */ = {isa = PBXBuildFile; fileRef = A0C15EBD1A2F2863003E09C8 /* main.m */; };
		A0C15EC21A2F2863003E09C8 /* WJAppDelegate.m in Sources */ = {isa = PBXBuildFile; fileRef = A0C15EC11A2F2863003E09C8 /* WJAppDelegate.m */; };
		A0C15EC51A2F2863003E09C8 /* Main.storyboard in Resources */ = {isa = PBXBuildFile; fileRef = A0C15EC31A2F2863003E09C8 /* Main.storyboard */; };
		A0C15EC81A2F2863003E09C8 /* WJViewController.m in Sources */ = {isa = PBXBuildFile; fileRef = A0C15EC71A2F2863003E09C8 /* WJViewController.m */; };
		A0C15ECA1A2F2863003E09C8 /* Images.xcassets in Resources */ = {isa = PBXBuildFile; fileRef = A0C15EC91A2F2863003E09C8 /* Images.xcassets */; };
		A0C15ED11A2F2864003E09C8 /* XCTest.framework in Frameworks */ = {isa = PBXBuildFile; fileRef = A0C15ED01A2F2864003E09C8 /* XCTest.framework */; };
		A0C15ED21A2F2864003E09C8 /* Foundation.framework in Frameworks */ = {isa = PBXBuildFile; fileRef = A0C15EB11A2F2863003E09C8 /* Foundation.framework */; };
		A0C15ED31A2F2864003E09C8 /* UIKit.framework in Frameworks */ = {isa = PBXBuildFile; fileRef = A0C15EB51A2F2863003E09C8 /* UIKit.framework */; };
		A0C15EDB1A2F2864003E09C8 /* InfoPlist.strings in Resources */ = {isa = PBXBuildFile; fileRef = A0C15ED91A2F2864003E09C8 /* InfoPlist.strings */; };
		A0C15EDD1A2F2864003E09C8 /* __app__Tests.m in Sources */ = {isa = PBXBuildFile; fileRef = A0C15EDC1A2F2864003E09C8 /* __app__Tests.m */; };
		A0C15EEE1A2F294C003E09C8 /* apps_full.plist in Resources */ = {isa = PBXBuildFile; fileRef = A0C15EED1A2F294C003E09C8 /* apps_full.plist */; };
		A0C15EF11A2F30A5003E09C8 /* WJAppCell.m in Sources */ = {isa = PBXBuildFile; fileRef = A0C15EF01A2F30A5003E09C8 /* WJAppCell.m */; };
		A0C15EF41A2F3237003E09C8 /* WJApp.m in Sources */ = {isa = PBXBuildFile; fileRef = A0C15EF31A2F3237003E09C8 /* WJApp.m */; };
/* End PBXBuildFile section */

/* Begin PBXContainerItemProxy section */
		A0C15ED41A2F2864003E09C8 /* PBXContainerItemProxy */ = {
			isa = PBXContainerItemProxy;
			containerPortal = A0C15EA61A2F2863003E09C8 /* Project object */;
			proxyType = 1;
			remoteGlobalIDString = A0C15EAD1A2F2863003E09C8;
			remoteInfo = "5-app管理";
		};
/* End PBXContainerItemProxy section */

/* Begin PBXFileReference section */
		A0C15EAE1A2F2863003E09C8 /* 5-app管理.app */ = {isa = PBXFileReference; explicitFileType = wrapper.application; includeInIndex = 0; path = "5-app管理.app"; sourceTree = BUILT_PRODUCTS_DIR; };
		A0C15EB11A2F2863003E09C8 /* Foundation.framework */ = {isa = PBXFileReference; lastKnownFileType = wrapper.framework; name = Foundation.framework; path = System/Library/Frameworks/Foundation.framework; sourceTree = SDKROOT; };
		A0C15EB31A2F2863003E09C8 /* CoreGraphics.framework */ = {isa = PBXFileReference; lastKnownFileType = wrapper.framework; name = CoreGraphics.framework; path = System/Library/Frameworks/CoreGraphics.framework; sourceTree = SDKROOT; };
		A0C15EB51A2F2863003E09C8 /* UIKit.framework */ = {isa = PBXFileReference; lastKnownFileType = wrapper.framework; name = UIKit.framework; path = System/Library/Frameworks/UIKit.framework; sourceTree = SDKROOT; };
		A0C15EB91A2F2863003E09C8 /* 5-app管理-Info.plist */ = {isa = PBXFileReference; lastKnownFileType = text.plist.xml; path = "5-app管理-Info.plist"; sourceTree = "<group>"; };
		A0C15EBB1A2F2863003E09C8 /* en */ = {isa = PBXFileReference; lastKnownFileType = text.plist.strings; name = en; path = en.lproj/InfoPlist.strings; sourceTree = "<group>"; };
		A0C15EBD1A2F2863003E09C8 /* main.m */ = {isa = PBXFileReference; lastKnownFileType = sourcecode.c.objc; path = main.m; sourceTree = "<group>"; };
		A0C15EBF1A2F2863003E09C8 /* 5-app管理-Prefix.pch */ = {isa = PBXFileReference; lastKnownFileType = sourcecode.c.h; path = "5-app管理-Prefix.pch"; sourceTree = "<group>"; };
		A0C15EC01A2F2863003E09C8 /* WJAppDelegate.h */ = {isa = PBXFileReference; lastKnownFileType = sourcecode.c.h; path = WJAppDelegate.h; sourceTree = "<group>"; };
		A0C15EC11A2F2863003E09C8 /* WJAppDelegate.m */ = {isa = PBXFileReference; lastKnownFileType = sourcecode.c.objc; path = WJAppDelegate.m; sourceTree = "<group>"; };
		A0C15EC41A2F2863003E09C8 /* Base */ = {isa = PBXFileReference; lastKnownFileType = file.storyboard; name = Base; path = Base.lproj/Main.storyboard; sourceTree = "<group>"; };
		A0C15EC61A2F2863003E09C8 /* WJViewController.h */ = {isa = PBXFileReference; lastKnownFileType = sourcecode.c.h; path = WJViewController.h; sourceTree = "<group>"; };
		A0C15EC71A2F2863003E09C8 /* WJViewController.m */ = {isa = PBXFileReference; lastKnownFileType = sourcecode.c.objc; path = WJViewController.m; sourceTree = "<group>"; };
		A0C15EC91A2F2863003E09C8 /* Images.xcassets */ = {isa = PBXFileReference; lastKnownFileType = folder.assetcatalog; path = Images.xcassets; sourceTree = "<group>"; };
		A0C15ECF1A2F2864003E09C8 /* 5-app管理Tests.xctest */ = {isa = PBXFileReference; explicitFileType = wrapper.cfbundle; includeInIndex = 0; path = "5-app管理Tests.xctest"; sourceTree = BUILT_PRODUCTS_DIR; };
		A0C15ED01A2F2864003E09C8 /* XCTest.framework */ = {isa = PBXFileReference; lastKnownFileType = wrapper.framework; name = XCTest.framework; path = Library/Frameworks/XCTest.framework; sourceTree = DEVELOPER_DIR; };
		A0C15ED81A2F2864003E09C8 /* 5-app管理Tests-Info.plist */ = {isa = PBXFileReference; lastKnownFileType = text.plist.xml; path = "5-app管理Tests-Info.plist"; sourceTree = "<group>"; };
		A0C15EDA1A2F2864003E09C8 /* en */ = {isa = PBXFileReference; lastKnownFileType = text.plist.strings; name = en; path = en.lproj/InfoPlist.strings; sourceTree = "<group>"; };
		A0C15EDC1A2F2864003E09C8 /* __app__Tests.m */ = {isa = PBXFileReference; lastKnownFileType = sourcecode.c.objc; path = __app__Tests.m; sourceTree = "<group>"; };
		A0C15EED1A2F294C003E09C8 /* apps_full.plist */ = {isa = PBXFileReference; fileEncoding = 4; lastKnownFileType = text.plist.xml; path = apps_full.plist; sourceTree = "<group>"; };
		A0C15EEF1A2F30A5003E09C8 /* WJAppCell.h */ = {isa = PBXFileReference; fileEncoding = 4; lastKnownFileType = sourcecode.c.h; path = WJAppCell.h; sourceTree = "<group>"; };
		A0C15EF01A2F30A5003E09C8 /* WJAppCell.m */ = {isa = PBXFileReference; fileEncoding = 4; lastKnownFileType = sourcecode.c.objc; path = WJAppCell.m; sourceTree = "<group>"; };
		A0C15EF21A2F3237003E09C8 /* WJApp.h */ = {isa = PBXFileReference; fileEncoding = 4; lastKnownFileType = sourcecode.c.h; path = WJApp.h; sourceTree = "<group>"; };
		A0C15EF31A2F3237003E09C8 /* WJApp.m */ = {isa = PBXFileReference; fileEncoding = 4; lastKnownFileType = sourcecode.c.objc; path = WJApp.m; sourceTree = "<group>"; };
/* End PBXFileReference section */

/* Begin PBXFrameworksBuildPhase section */
		A0C15EAB1A2F2863003E09C8 /* Frameworks */ = {
			isa = PBXFrameworksBuildPhase;
			buildActionMask = 2147483647;
			files = (
				A0C15EB41A2F2863003E09C8 /* CoreGraphics.framework in Frameworks */,
				A0C15EB61A2F2863003E09C8 /* UIKit.framework in Frameworks */,
				A0C15EB21A2F2863003E09C8 /* Foundation.framework in Frameworks */,
			);
			runOnlyForDeploymentPostprocessing = 0;
		};
		A0C15ECC1A2F2864003E09C8 /* Frameworks */ = {
			isa = PBXFrameworksBuildPhase;
			buildActionMask = 2147483647;
			files = (
				A0C15ED11A2F2864003E09C8 /* XCTest.framework in Frameworks */,
				A0C15ED31A2F2864003E09C8 /* UIKit.framework in Frameworks */,
				A0C15ED21A2F2864003E09C8 /* Foundation.framework in Frameworks */,
			);
			runOnlyForDeploymentPostprocessing = 0;
		};
/* End PBXFrameworksBuildPhase section */

/* Begin PBXGroup section */
		A0C15EA51A2F2863003E09C8 = {
			isa = PBXGroup;
			children = (
				A0C15EB71A2F2863003E09C8 /* 5-app管理 */,
				A0C15ED61A2F2864003E09C8 /* 5-app管理Tests */,
				A0C15EB01A2F2863003E09C8 /* Frameworks */,
				A0C15EAF1A2F2863003E09C8 /* Products */,
			);
			sourceTree = "<group>";
		};
		A0C15EAF1A2F2863003E09C8 /* Products */ = {
			isa = PBXGroup;
			children = (
				A0C15EAE1A2F2863003E09C8 /* 5-app管理.app */,
				A0C15ECF1A2F2864003E09C8 /* 5-app管理Tests.xctest */,
			);
			name = Products;
			sourceTree = "<group>";
		};
		A0C15EB01A2F2863003E09C8 /* Frameworks */ = {
			isa = PBXGroup;
			children = (
				A0C15EB11A2F2863003E09C8 /* Foundation.framework */,
				A0C15EB31A2F2863003E09C8 /* CoreGraphics.framework */,
				A0C15EB51A2F2863003E09C8 /* UIKit.framework */,
				A0C15ED01A2F2864003E09C8 /* XCTest.framework */,
			);
			name = Frameworks;
			sourceTree = "<group>";
		};
		A0C15EB71A2F2863003E09C8 /* 5-app管理 */ = {
			isa = PBXGroup;
			children = (
				A0C15EE61A2F287E003E09C8 /* Classes */,
				A0C15EB81A2F2863003E09C8 /* Supporting Files */,
			);
			path = "5-app管理";
			sourceTree = "<group>";
		};
		A0C15EB81A2F2863003E09C8 /* Supporting Files */ = {
			isa = PBXGroup;
			children = (
				A0C15EED1A2F294C003E09C8 /* apps_full.plist */,
				A0C15EC31A2F2863003E09C8 /* Main.storyboard */,
				A0C15EC91A2F2863003E09C8 /* Images.xcassets */,
				A0C15EB91A2F2863003E09C8 /* 5-app管理-Info.plist */,
				A0C15EBA1A2F2863003E09C8 /* InfoPlist.strings */,
				A0C15EBD1A2F2863003E09C8 /* main.m */,
				A0C15EBF1A2F2863003E09C8 /* 5-app管理-Prefix.pch */,
			);
			name = "Supporting Files";
			sourceTree = "<group>";
		};
		A0C15ED61A2F2864003E09C8 /* 5-app管理Tests */ = {
			isa = PBXGroup;
			children = (
				A0C15EDC1A2F2864003E09C8 /* __app__Tests.m */,
				A0C15ED71A2F2864003E09C8 /* Supporting Files */,
			);
			path = "5-app管理Tests";
			sourceTree = "<group>";
		};
		A0C15ED71A2F2864003E09C8 /* Supporting Files */ = {
			isa = PBXGroup;
			children = (
				A0C15ED81A2F2864003E09C8 /* 5-app管理Tests-Info.plist */,
				A0C15ED91A2F2864003E09C8 /* InfoPlist.strings */,
			);
			name = "Supporting Files";
			sourceTree = "<group>";
		};
		A0C15EE61A2F287E003E09C8 /* Classes */ = {
			isa = PBXGroup;
			children = (
				A0C15EEA1A2F28B7003E09C8 /* View */,
				A0C15EE91A2F28A2003E09C8 /* Controller */,
				A0C15EE81A2F2899003E09C8 /* Model */,
				A0C15EE71A2F2890003E09C8 /* Other */,
			);
			name = Classes;
			sourceTree = "<group>";
		};
		A0C15EE71A2F2890003E09C8 /* Other */ = {
			isa = PBXGroup;
			children = (
				A0C15EC01A2F2863003E09C8 /* WJAppDelegate.h */,
				A0C15EC11A2F2863003E09C8 /* WJAppDelegate.m */,
			);
			name = Other;
			sourceTree = "<group>";
		};
		A0C15EE81A2F2899003E09C8 /* Model */ = {
			isa = PBXGroup;
			children = (
				A0C15EF21A2F3237003E09C8 /* WJApp.h */,
				A0C15EF31A2F3237003E09C8 /* WJApp.m */,
			);
			name = Model;
			sourceTree = "<group>";
		};
		A0C15EE91A2F28A2003E09C8 /* Controller */ = {
			isa = PBXGroup;
			children = (
				A0C15EC61A2F2863003E09C8 /* WJViewController.h */,
				A0C15EC71A2F2863003E09C8 /* WJViewController.m */,
			);
			name = Controller;
			sourceTree = "<group>";
		};
		A0C15EEA1A2F28B7003E09C8 /* View */ = {
			isa = PBXGroup;
			children = (
				A0C15EEF1A2F30A5003E09C8 /* WJAppCell.h */,
				A0C15EF01A2F30A5003E09C8 /* WJAppCell.m */,
			);
			name = View;
			sourceTree = "<group>";
		};
/* End PBXGroup section */

/* Begin PBXNativeTarget section */
		A0C15EAD1A2F2863003E09C8 /* 5-app管理 */ = {
			isa = PBXNativeTarget;
			buildConfigurationList = A0C15EE01A2F2864003E09C8 /* Build configuration list for PBXNativeTarget "5-app管理" */;
			buildPhases = (
				A0C15EAA1A2F2863003E09C8 /* Sources */,
				A0C15EAB1A2F2863003E09C8 /* Frameworks */,
				A0C15EAC1A2F2863003E09C8 /* Resources */,
			);
			buildRules = (
			);
			dependencies = (
			);
			name = "5-app管理";
			productName = "5-app管理";
			productReference = A0C15EAE1A2F2863003E09C8 /* 5-app管理.app */;
			productType = "com.apple.product-type.application";
		};
		A0C15ECE1A2F2864003E09C8 /* 5-app管理Tests */ = {
			isa = PBXNativeTarget;
			buildConfigurationList = A0C15EE31A2F2864003E09C8 /* Build configuration list for PBXNativeTarget "5-app管理Tests" */;
			buildPhases = (
				A0C15ECB1A2F2864003E09C8 /* Sources */,
				A0C15ECC1A2F2864003E09C8 /* Frameworks */,
				A0C15ECD1A2F2864003E09C8 /* Resources */,
			);
			buildRules = (
			);
			dependencies = (
				A0C15ED51A2F2864003E09C8 /* PBXTargetDependency */,
			);
			name = "5-app管理Tests";
			productName = "5-app管理Tests";
			productReference = A0C15ECF1A2F2864003E09C8 /* 5-app管理Tests.xctest */;
			productType = "com.apple.product-type.bundle.unit-test";
		};
/* End PBXNativeTarget section */

/* Begin PBXProject section */
		A0C15EA61A2F2863003E09C8 /* Project object */ = {
			isa = PBXProject;
			attributes = {
				CLASSPREFIX = WJ;
				LastUpgradeCheck = 0510;
				ORGANIZATIONNAME = sias;
				TargetAttributes = {
					A0C15ECE1A2F2864003E09C8 = {
						TestTargetID = A0C15EAD1A2F2863003E09C8;
					};
				};
			};
			buildConfigurationList = A0C15EA91A2F2863003E09C8 /* Build configuration list for PBXProject "5-app管理" */;
			compatibilityVersion = "Xcode 3.2";
			developmentRegion = English;
			hasScannedForEncodings = 0;
			knownRegions = (
				en,
				Base,
			);
			mainGroup = A0C15EA51A2F2863003E09C8;
			productRefGroup = A0C15EAF1A2F2863003E09C8 /* Products */;
			projectDirPath = "";
			projectRoot = "";
			targets = (
				A0C15EAD1A2F2863003E09C8 /* 5-app管理 */,
				A0C15ECE1A2F2864003E09C8 /* 5-app管理Tests */,
			);
		};
/* End PBXProject section */

/* Begin PBXResourcesBuildPhase section */
		A0C15EAC1A2F2863003E09C8 /* Resources */ = {
			isa = PBXResourcesBuildPhase;
			buildActionMask = 2147483647;
			files = (
				A0C15ECA1A2F2863003E09C8 /* Images.xcassets in Resources */,
				A0C15EBC1A2F2863003E09C8 /* InfoPlist.strings in Resources */,
				A0C15EC51A2F2863003E09C8 /* Main.storyboard in Resources */,
				A0C15EEE1A2F294C003E09C8 /* apps_full.plist in Resources */,
			);
			runOnlyForDeploymentPostprocessing = 0;
		};
		A0C15ECD1A2F2864003E09C8 /* Resources */ = {
			isa = PBXResourcesBuildPhase;
			buildActionMask = 2147483647;
			files = (
				A0C15EDB1A2F2864003E09C8 /* InfoPlist.strings in Resources */,
			);
			runOnlyForDeploymentPostprocessing = 0;
		};
/* End PBXResourcesBuildPhase section */

/* Begin PBXSourcesBuildPhase section */
		A0C15EAA1A2F2863003E09C8 /* Sources */ = {
			isa = PBXSourcesBuildPhase;
			buildActionMask = 2147483647;
			files = (
				A0C15EF11A2F30A5003E09C8 /* WJAppCell.m in Sources */,
				A0C15EC81A2F2863003E09C8 /* WJViewController.m in Sources */,
				A0C15EBE1A2F2863003E09C8 /* main.m in Sources */,
				A0C15EC21A2F2863003E09C8 /* WJAppDelegate.m in Sources */,
				A0C15EF41A2F3237003E09C8 /* WJApp.m in Sources */,
			);
			runOnlyForDeploymentPostprocessing = 0;
		};
		A0C15ECB1A2F2864003E09C8 /* Sources */ = {
			isa = PBXSourcesBuildPhase;
			buildActionMask = 2147483647;
			files = (
				A0C15EDD1A2F2864003E09C8 /* __app__Tests.m in Sources */,
			);
			runOnlyForDeploymentPostprocessing = 0;
		};
/* End PBXSourcesBuildPhase section */

/* Begin PBXTargetDependency section */
		A0C15ED51A2F2864003E09C8 /* PBXTargetDependency */ = {
			isa = PBXTargetDependency;
			target = A0C15EAD1A2F2863003E09C8 /* 5-app管理 */;
			targetProxy = A0C15ED41A2F2864003E09C8 /* PBXContainerItemProxy */;
		};
/* End PBXTargetDependency section */

/* Begin PBXVariantGroup section */
		A0C15EBA1A2F2863003E09C8 /* InfoPlist.strings */ = {
			isa = PBXVariantGroup;
			children = (
				A0C15EBB1A2F2863003E09C8 /* en */,
			);
			name = InfoPlist.strings;
			sourceTree = "<group>";
		};
		A0C15EC31A2F2863003E09C8 /* Main.storyboard */ = {
			isa = PBXVariantGroup;
			children = (
				A0C15EC41A2F2863003E09C8 /* Base */,
			);
			name = Main.storyboard;
			sourceTree = "<group>";
		};
		A0C15ED91A2F2864003E09C8 /* InfoPlist.strings */ = {
			isa = PBXVariantGroup;
			children = (
				A0C15EDA1A2F2864003E09C8 /* en */,
			);
			name = InfoPlist.strings;
			sourceTree = "<group>";
		};
/* End PBXVariantGroup section */

/* Begin XCBuildConfiguration section */
		A0C15EDE1A2F2864003E09C8 /* Debug */ = {
			isa = XCBuildConfiguration;
			buildSettings = {
				ALWAYS_SEARCH_USER_PATHS = NO;
				CLANG_CXX_LANGUAGE_STANDARD = "gnu++0x";
				CLANG_CXX_LIBRARY = "libc++";
				CLANG_ENABLE_MODULES = YES;
				CLANG_ENABLE_OBJC_ARC = YES;
				CLANG_WARN_BOOL_CONVERSION = YES;
				CLANG_WARN_CONSTANT_CONVERSION = YES;
				CLANG_WARN_DIRECT_OBJC_ISA_USAGE = YES_ERROR;
				CLANG_WARN_EMPTY_BODY = YES;
				CLANG_WARN_ENUM_CONVERSION = YES;
				CLANG_WARN_INT_CONVERSION = YES;
				CLANG_WARN_OBJC_ROOT_CLASS = YES_ERROR;
				CLANG_WARN__DUPLICATE_METHOD_MATCH = YES;
				"CODE_SIGN_IDENTITY[sdk=iphoneos*]" = "iPhone Developer";
				COPY_PHASE_STRIP = NO;
				GCC_C_LANGUAGE_STANDARD = gnu99;
				GCC_DYNAMIC_NO_PIC = NO;
				GCC_OPTIMIZATION_LEVEL = 0;
				GCC_PREPROCESSOR_DEFINITIONS = (
					"DEBUG=1",
					"$(inherited)",
				);
				GCC_SYMBOLS_PRIVATE_EXTERN = NO;
				GCC_WARN_64_TO_32_BIT_CONVERSION = YES;
				GCC_WARN_ABOUT_RETURN_TYPE = YES_ERROR;
				GCC_WARN_UNDECLARED_SELECTOR = YES;
				GCC_WARN_UNINITIALIZED_AUTOS = YES_AGGRESSIVE;
				GCC_WARN_UNUSED_FUNCTION = YES;
				GCC_WARN_UNUSED_VARIABLE = YES;
				IPHONEOS_DEPLOYMENT_TARGET = 7.1;
				ONLY_ACTIVE_ARCH = YES;
				SDKROOT = iphoneos;
			};
			name = Debug;
		};
		A0C15EDF1A2F2864003E09C8 /* Release */ = {
			isa = XCBuildConfiguration;
			buildSettings = {
				ALWAYS_SEARCH_USER_PATHS = NO;
				CLANG_CXX_LANGUAGE_STANDARD = "gnu++0x";
				CLANG_CXX_LIBRARY = "libc++";
				CLANG_ENABLE_MODULES = YES;
				CLANG_ENABLE_OBJC_ARC = YES;
				CLANG_WARN_BOOL_CONVERSION = YES;
				CLANG_WARN_CONSTANT_CONVERSION = YES;
				CLANG_WARN_DIRECT_OBJC_ISA_USAGE = YES_ERROR;
				CLANG_WARN_EMPTY_BODY = YES;
				CLANG_WARN_ENUM_CONVERSION = YES;
				CLANG_WARN_INT_CONVERSION = YES;
				CLANG_WARN_OBJC_ROOT_CLASS = YES_ERROR;
				CLANG_WARN__DUPLICATE_METHOD_MATCH = YES;
				"CODE_SIGN_IDENTITY[sdk=iphoneos*]" = "iPhone Developer";
				COPY_PHASE_STRIP = YES;
				ENABLE_NS_ASSERTIONS = NO;
				GCC_C_LANGUAGE_STANDARD = gnu99;
				GCC_WARN_64_TO_32_BIT_CONVERSION = YES;
				GCC_WARN_ABOUT_RETURN_TYPE = YES_ERROR;
				GCC_WARN_UNDECLARED_SELECTOR = YES;
				GCC_WARN_UNINITIALIZED_AUTOS = YES_AGGRESSIVE;
				GCC_WARN_UNUSED_FUNCTION = YES;
				GCC_WARN_UNUSED_VARIABLE = YES;
				IPHONEOS_DEPLOYMENT_TARGET = 7.1;
				SDKROOT = iphoneos;
				VALIDATE_PRODUCT = YES;
			};
			name = Release;
		};
		A0C15EE11A2F2864003E09C8 /* Debug */ = {
			isa = XCBuildConfiguration;
			buildSettings = {
				ASSETCATALOG_COMPILER_APPICON_NAME = AppIcon;
				ASSETCATALOG_COMPILER_LAUNCHIMAGE_NAME = LaunchImage;
				GCC_PRECOMPILE_PREFIX_HEADER = YES;
				GCC_PREFIX_HEADER = "5-app管理/5-app管理-Prefix.pch";
				INFOPLIST_FILE = "5-app管理/5-app管理-Info.plist";
				PRODUCT_NAME = "$(TARGET_NAME)";
				WRAPPER_EXTENSION = app;
			};
			name = Debug;
		};
		A0C15EE21A2F2864003E09C8 /* Release */ = {
			isa = XCBuildConfiguration;
			buildSettings = {
				ASSETCATALOG_COMPILER_APPICON_NAME = AppIcon;
				ASSETCATALOG_COMPILER_LAUNCHIMAGE_NAME = LaunchImage;
				GCC_PRECOMPILE_PREFIX_HEADER = YES;
				GCC_PREFIX_HEADER = "5-app管理/5-app管理-Prefix.pch";
				INFOPLIST_FILE = "5-app管理/5-app管理-Info.plist";
				PRODUCT_NAME = "$(TARGET_NAME)";
				WRAPPER_EXTENSION = app;
			};
			name = Release;
		};
		A0C15EE41A2F2864003E09C8 /* Debug */ = {
			isa = XCBuildConfiguration;
			buildSettings = {
				BUNDLE_LOADER = "$(BUILT_PRODUCTS_DIR)/5-app管理.app/5-app管理";
				FRAMEWORK_SEARCH_PATHS = (
					"$(SDKROOT)/Developer/Library/Frameworks",
					"$(inherited)",
					"$(DEVELOPER_FRAMEWORKS_DIR)",
				);
				GCC_PRECOMPILE_PREFIX_HEADER = YES;
				GCC_PREFIX_HEADER = "5-app管理/5-app管理-Prefix.pch";
				GCC_PREPROCESSOR_DEFINITIONS = (
					"DEBUG=1",
					"$(inherited)",
				);
				INFOPLIST_FILE = "5-app管理Tests/5-app管理Tests-Info.plist";
				PRODUCT_NAME = "$(TARGET_NAME)";
				TEST_HOST = "$(BUNDLE_LOADER)";
				WRAPPER_EXTENSION = xctest;
			};
			name = Debug;
		};
		A0C15EE51A2F2864003E09C8 /* Release */ = {
			isa = XCBuildConfiguration;
			buildSettings = {
				BUNDLE_LOADER = "$(BUILT_PRODUCTS_DIR)/5-app管理.app/5-app管理";
				FRAMEWORK_SEARCH_PATHS = (
					"$(SDKROOT)/Developer/Library/Frameworks",
					"$(inherited)",
					"$(DEVELOPER_FRAMEWORKS_DIR)",
				);
				GCC_PRECOMPILE_PREFIX_HEADER = YES;
				GCC_PREFIX_HEADER = "5-app管理/5-app管理-Prefix.pch";
				INFOPLIST_FILE = "5-app管理Tests/5-app管理Tests-Info.plist";
				PRODUCT_NAME = "$(TARGET_NAME)";
				TEST_HOST = "$(BUNDLE_LOADER)";
				WRAPPER_EXTENSION = xctest;
			};
			name = Release;
		};
/* End XCBuildConfiguration section */

/* Begin XCConfigurationList section */
		A0C15EA91A2F2863003E09C8 /* Build configuration list for PBXProject "5-app管理" */ = {
			isa = XCConfigurationList;
			buildConfigurations = (
				A0C15EDE1A2F2864003E09C8 /* Debug */,
				A0C15EDF1A2F2864003E09C8 /* Release */,
			);
			defaultConfigurationIsVisible = 0;
			defaultConfigurationName = Release;
		};
		A0C15EE01A2F2864003E09C8 /* Build configuration list for PBXNativeTarget "5-app管理" */ = {
			isa = XCConfigurationList;
			buildConfigurations = (
				A0C15EE11A2F2864003E09C8 /* Debug */,
				A0C15EE21A2F2864003E09C8 /* Release */,
			);
			defaultConfigurationIsVisible = 0;
		};
		A0C15EE31A2F2864003E09C8 /* Build configuration list for PBXNativeTarget "5-app管理Tests" */ = {
			isa = XCConfigurationList;
			buildConfigurations = (
				A0C15EE41A2F2864003E09C8 /* Debug */,
				A0C15EE51A2F2864003E09C8 /* Release */,
			);
			defaultConfigurationIsVisible = 0;
		};
/* End XCConfigurationList section */
	};
	rootObject = A0C15EA61A2F2863003E09C8 /* Project object */;
}
